
Microsoft Visual Studio Solution File, Format Version 12.00
# Visual Studio Version 17
VisualStudioVersion = 17.4.32804.182
MinimumVisualStudioVersion = 10.0.40219.1
Project("{2150E333-8FDC-42A3-9474-1A3956D46DE8}") = "Chapter01", "Chapter01", "{82B0D8EA-3707-43BF-9F11-A8DB4DA9ADD0}"
EndProject
Project("{9A19103F-16F7-4668-BE54-9A1E7A4F7556}") = "DelegateExample1", "DelegateExample1\DelegateExample1.csproj", "{8862C1E7-FEBF-43FC-A7EE-609EAB7C7CCB}"
EndProject
Project("{9A19103F-16F7-4668-BE54-9A1E7A4F7556}") = "DelegateExample2", "DelegateExample2\DelegateExample2.csproj", "{D66B42C1-56C8-41FA-9D34-FB144FD4AC42}"
EndProject
Project("{9A19103F-16F7-4668-BE54-9A1E7A4F7556}") = "MulticastDelegateExample1", "MulticastDelegateExample1\MulticastDelegateExample1.csproj", "{D7A86EDD-BFEE-4A00-992C-830AA0A6D20D}"
EndProject
Project("{9A19103F-16F7-4668-BE54-9A1E7A4F7556}") = "MulticastDelegateExample2", "MulticastDelegateExample2\MulticastDelegateExample2.csproj", "{0791A4A8-8174-423A-8A89-CD97103B877F}"
EndProject
Project("{9A19103F-16F7-4668-BE54-9A1E7A4F7556}") = "MulticastDelegateExample2a", "MulticastDelegateExample2a\MulticastDelegateExample2a.csproj", "{272045BE-3BFB-47FE-BB46-92A3558D2183}"
EndProject
Project("{9A19103F-16F7-4668-BE54-9A1E7A4F7556}") = "CaseStudyWithOverloadedMethods", "CaseStudyWithOverloadedMethods\CaseStudyWithOverloadedMethods.csproj", "{2BA27EA3-B0B6-46E5-91A2-E0235C487BCA}"
EndProject
Project("{9A19103F-16F7-4668-BE54-9A1E7A4F7556}") = "CovarianceWithNonGenericDelegate", "CovarianceWithNonGenericDelegate\CovarianceWithNonGenericDelegate.csproj", "{DDC02381-8CF6-420F-9B7C-6144B80D5C6D}"
EndProject
Project("{9A19103F-16F7-4668-BE54-9A1E7A4F7556}") = "ContravarianceWithNonGenericDelegate", "ContravarianceWithNonGenericDelegate\ContravarianceWithNonGenericDelegate.csproj", "{F3CCD53B-8FF7-47B0-BFF2-131403048F0B}"
EndProject
Project("{2150E333-8FDC-42A3-9474-1A3956D46DE8}") = "Chapter02", "Chapter02", "{D995806F-1D35-43AF-B55E-C21AE0A2F9B1}"
EndProject
Project("{9A19103F-16F7-4668-BE54-9A1E7A4F7556}") = "EventsEx1", "EventEx1\EventsEx1.csproj", "{20FF892B-278A-455B-ADEA-59CD400B3257}"
EndProject
Project("{9A19103F-16F7-4668-BE54-9A1E7A4F7556}") = "EventsEx2", "EventsEx2\EventsEx2.csproj", "{383C8074-F5A4-43A3-A473-57929AD86F37}"
EndProject
Project("{9A19103F-16F7-4668-BE54-9A1E7A4F7556}") = "EventsEx3", "EventsEx3\EventsEx3.csproj", "{ECFA26FA-E8F1-478B-A3D7-5DF81726A697}"
EndProject
Project("{9A19103F-16F7-4668-BE54-9A1E7A4F7556}") = "EventsEx4", "EventsEx4\EventsEx4.csproj", "{522C5FA9-50BE-46D0-AF91-267D46346DB4}"
EndProject
Project("{9A19103F-16F7-4668-BE54-9A1E7A4F7556}") = "EventsEx5", "EventsEx5\EventsEx5.csproj", "{A2F358F2-CF72-4E87-BA5C-CD7058CF35D2}"
EndProject
Project("{9A19103F-16F7-4668-BE54-9A1E7A4F7556}") = "EventsEx6", "EventsEx6\EventsEx6.csproj", "{2F787833-F62B-4AB7-A37D-0BFFDDA24216}"
EndProject
Project("{9A19103F-16F7-4668-BE54-9A1E7A4F7556}") = "EventsEx7", "EventsEx7\EventsEx7.csproj", "{961D8121-F879-4ABD-B322-37998D5A0DE9}"
EndProject
Project("{9A19103F-16F7-4668-BE54-9A1E7A4F7556}") = "WinUI3AppDotNet", "WinUI3AppDotNet\WinUI3AppDotNet.csproj", "{D4FAD848-7ADE-4B7F-8565-17C555DC1173}"
EndProject
Project("{2150E333-8FDC-42A3-9474-1A3956D46DE8}") = "Chapter03", "Chapter03", "{3754B8CA-CA30-4DA0-80B8-CD80DBF005C2}"
EndProject
Project("{9A19103F-16F7-4668-BE54-9A1E7A4F7556}") = "LambdaExpressionEx1", "LambdaExpressionEx1\LambdaExpressionEx1.csproj", "{D1AF2738-8C9A-4C7E-A3A5-5DDE42C1253C}"
EndProject
Project("{9A19103F-16F7-4668-BE54-9A1E7A4F7556}") = "LambdaExpressionEx2", "LambdaExpressionEx2\LambdaExpressionEx2.csproj", "{89725886-1346-44D8-94B0-DC9BCA86B561}"
EndProject
Project("{9A19103F-16F7-4668-BE54-9A1E7A4F7556}") = "ExpressionBodiedMethodDemo", "ExpressionBodiedMethodDemo\ExpressionBodiedMethodDemo.csproj", "{F929549B-8C94-4F2E-99E1-FCE369AED5CB}"
EndProject
Project("{9A19103F-16F7-4668-BE54-9A1E7A4F7556}") = "ExpressionBodiedPropertiesDemo", "ExpressionBodiedPropertiesDemo\ExpressionBodiedPropertiesDemo.csproj", "{B775C18A-0E9F-4EA5-8344-34D21ABAA063}"
EndProject
Project("{9A19103F-16F7-4668-BE54-9A1E7A4F7556}") = "TestingLocalVariableScopeUsingLambdaExpression", "TestingLocalVariableScopeUsingLambdaExpression\TestingLocalVariableScopeUsingLambdaExpression.csproj", "{111B0AA5-D960-49BB-9E33-0F1D551C1B0D}"
EndProject
Project("{FAE04EC0-301F-11D3-BF4B-00C04F79EFBC}") = "UsingTuplesInLambdaExpressions", "UsingTuplesInLambdaExpressions\UsingTuplesInLambdaExpressions.csproj", "{5FE67EC2-C6BA-4E14-9E53-AF3136A14DC5}"
EndProject
Project("{FAE04EC0-301F-11D3-BF4B-00C04F79EFBC}") = "UsingEventsAndLambdaExpressions", "UsingEventsAndLambdaExpressions\UsingEventsAndLambdaExpressions.csproj", "{7974B142-9E17-45FB-97A6-3F6951A8DD9A}"
EndProject
Global
	GlobalSection(SolutionConfigurationPlatforms) = preSolution
		Debug|Any CPU = Debug|Any CPU
		Debug|arm64 = Debug|arm64
		Debug|x64 = Debug|x64
		Debug|x86 = Debug|x86
		Release|Any CPU = Release|Any CPU
		Release|arm64 = Release|arm64
		Release|x64 = Release|x64
		Release|x86 = Release|x86
	EndGlobalSection
	GlobalSection(ProjectConfigurationPlatforms) = postSolution
		{8862C1E7-FEBF-43FC-A7EE-609EAB7C7CCB}.Debug|Any CPU.ActiveCfg = Debug|Any CPU
		{8862C1E7-FEBF-43FC-A7EE-609EAB7C7CCB}.Debug|Any CPU.Build.0 = Debug|Any CPU
		{8862C1E7-FEBF-43FC-A7EE-609EAB7C7CCB}.Debug|arm64.ActiveCfg = Debug|Any CPU
		{8862C1E7-FEBF-43FC-A7EE-609EAB7C7CCB}.Debug|arm64.Build.0 = Debug|Any CPU
		{8862C1E7-FEBF-43FC-A7EE-609EAB7C7CCB}.Debug|x64.ActiveCfg = Debug|Any CPU
		{8862C1E7-FEBF-43FC-A7EE-609EAB7C7CCB}.Debug|x64.Build.0 = Debug|Any CPU
		{8862C1E7-FEBF-43FC-A7EE-609EAB7C7CCB}.Debug|x86.ActiveCfg = Debug|Any CPU
		{8862C1E7-FEBF-43FC-A7EE-609EAB7C7CCB}.Debug|x86.Build.0 = Debug|Any CPU
		{8862C1E7-FEBF-43FC-A7EE-609EAB7C7CCB}.Release|Any CPU.ActiveCfg = Release|Any CPU
		{8862C1E7-FEBF-43FC-A7EE-609EAB7C7CCB}.Release|Any CPU.Build.0 = Release|Any CPU
		{8862C1E7-FEBF-43FC-A7EE-609EAB7C7CCB}.Release|arm64.ActiveCfg = Release|Any CPU
		{8862C1E7-FEBF-43FC-A7EE-609EAB7C7CCB}.Release|arm64.Build.0 = Release|Any CPU
		{8862C1E7-FEBF-43FC-A7EE-609EAB7C7CCB}.Release|x64.ActiveCfg = Release|Any CPU
		{8862C1E7-FEBF-43FC-A7EE-609EAB7C7CCB}.Release|x64.Build.0 = Release|Any CPU
		{8862C1E7-FEBF-43FC-A7EE-609EAB7C7CCB}.Release|x86.ActiveCfg = Release|Any CPU
		{8862C1E7-FEBF-43FC-A7EE-609EAB7C7CCB}.Release|x86.Build.0 = Release|Any CPU
		{D66B42C1-56C8-41FA-9D34-FB144FD4AC42}.Debug|Any CPU.ActiveCfg = Debug|Any CPU
		{D66B42C1-56C8-41FA-9D34-FB144FD4AC42}.Debug|Any CPU.Build.0 = Debug|Any CPU
		{D66B42C1-56C8-41FA-9D34-FB144FD4AC42}.Debug|arm64.ActiveCfg = Debug|Any CPU
		{D66B42C1-56C8-41FA-9D34-FB144FD4AC42}.Debug|arm64.Build.0 = Debug|Any CPU
		{D66B42C1-56C8-41FA-9D34-FB144FD4AC42}.Debug|x64.ActiveCfg = Debug|Any CPU
		{D66B42C1-56C8-41FA-9D34-FB144FD4AC42}.Debug|x64.Build.0 = Debug|Any CPU
		{D66B42C1-56C8-41FA-9D34-FB144FD4AC42}.Debug|x86.ActiveCfg = Debug|Any CPU
		{D66B42C1-56C8-41FA-9D34-FB144FD4AC42}.Debug|x86.Build.0 = Debug|Any CPU
		{D66B42C1-56C8-41FA-9D34-FB144FD4AC42}.Release|Any CPU.ActiveCfg = Release|Any CPU
		{D66B42C1-56C8-41FA-9D34-FB144FD4AC42}.Release|Any CPU.Build.0 = Release|Any CPU
		{D66B42C1-56C8-41FA-9D34-FB144FD4AC42}.Release|arm64.ActiveCfg = Release|Any CPU
		{D66B42C1-56C8-41FA-9D34-FB144FD4AC42}.Release|arm64.Build.0 = Release|Any CPU
		{D66B42C1-56C8-41FA-9D34-FB144FD4AC42}.Release|x64.ActiveCfg = Release|Any CPU
		{D66B42C1-56C8-41FA-9D34-FB144FD4AC42}.Release|x64.Build.0 = Release|Any CPU
		{D66B42C1-56C8-41FA-9D34-FB144FD4AC42}.Release|x86.ActiveCfg = Release|Any CPU
		{D66B42C1-56C8-41FA-9D34-FB144FD4AC42}.Release|x86.Build.0 = Release|Any CPU
		{D7A86EDD-BFEE-4A00-992C-830AA0A6D20D}.Debug|Any CPU.ActiveCfg = Debug|Any CPU
		{D7A86EDD-BFEE-4A00-992C-830AA0A6D20D}.Debug|Any CPU.Build.0 = Debug|Any CPU
		{D7A86EDD-BFEE-4A00-992C-830AA0A6D20D}.Debug|arm64.ActiveCfg = Debug|Any CPU
		{D7A86EDD-BFEE-4A00-992C-830AA0A6D20D}.Debug|arm64.Build.0 = Debug|Any CPU
		{D7A86EDD-BFEE-4A00-992C-830AA0A6D20D}.Debug|x64.ActiveCfg = Debug|Any CPU
		{D7A86EDD-BFEE-4A00-992C-830AA0A6D20D}.Debug|x64.Build.0 = Debug|Any CPU
		{D7A86EDD-BFEE-4A00-992C-830AA0A6D20D}.Debug|x86.ActiveCfg = Debug|Any CPU
		{D7A86EDD-BFEE-4A00-992C-830AA0A6D20D}.Debug|x86.Build.0 = Debug|Any CPU
		{D7A86EDD-BFEE-4A00-992C-830AA0A6D20D}.Release|Any CPU.ActiveCfg = Release|Any CPU
		{D7A86EDD-BFEE-4A00-992C-830AA0A6D20D}.Release|Any CPU.Build.0 = Release|Any CPU
		{D7A86EDD-BFEE-4A00-992C-830AA0A6D20D}.Release|arm64.ActiveCfg = Release|Any CPU
		{D7A86EDD-BFEE-4A00-992C-830AA0A6D20D}.Release|arm64.Build.0 = Release|Any CPU
		{D7A86EDD-BFEE-4A00-992C-830AA0A6D20D}.Release|x64.ActiveCfg = Release|Any CPU
		{D7A86EDD-BFEE-4A00-992C-830AA0A6D20D}.Release|x64.Build.0 = Release|Any CPU
		{D7A86EDD-BFEE-4A00-992C-830AA0A6D20D}.Release|x86.ActiveCfg = Release|Any CPU
		{D7A86EDD-BFEE-4A00-992C-830AA0A6D20D}.Release|x86.Build.0 = Release|Any CPU
		{0791A4A8-8174-423A-8A89-CD97103B877F}.Debug|Any CPU.ActiveCfg = Debug|Any CPU
		{0791A4A8-8174-423A-8A89-CD97103B877F}.Debug|Any CPU.Build.0 = Debug|Any CPU
		{0791A4A8-8174-423A-8A89-CD97103B877F}.Debug|arm64.ActiveCfg = Debug|Any CPU
		{0791A4A8-8174-423A-8A89-CD97103B877F}.Debug|arm64.Build.0 = Debug|Any CPU
		{0791A4A8-8174-423A-8A89-CD97103B877F}.Debug|x64.ActiveCfg = Debug|Any CPU
		{0791A4A8-8174-423A-8A89-CD97103B877F}.Debug|x64.Build.0 = Debug|Any CPU
		{0791A4A8-8174-423A-8A89-CD97103B877F}.Debug|x86.ActiveCfg = Debug|Any CPU
		{0791A4A8-8174-423A-8A89-CD97103B877F}.Debug|x86.Build.0 = Debug|Any CPU
		{0791A4A8-8174-423A-8A89-CD97103B877F}.Release|Any CPU.ActiveCfg = Release|Any CPU
		{0791A4A8-8174-423A-8A89-CD97103B877F}.Release|Any CPU.Build.0 = Release|Any CPU
		{0791A4A8-8174-423A-8A89-CD97103B877F}.Release|arm64.ActiveCfg = Release|Any CPU
		{0791A4A8-8174-423A-8A89-CD97103B877F}.Release|arm64.Build.0 = Release|Any CPU
		{0791A4A8-8174-423A-8A89-CD97103B877F}.Release|x64.ActiveCfg = Release|Any CPU
		{0791A4A8-8174-423A-8A89-CD97103B877F}.Release|x64.Build.0 = Release|Any CPU
		{0791A4A8-8174-423A-8A89-CD97103B877F}.Release|x86.ActiveCfg = Release|Any CPU
		{0791A4A8-8174-423A-8A89-CD97103B877F}.Release|x86.Build.0 = Release|Any CPU
		{272045BE-3BFB-47FE-BB46-92A3558D2183}.Debug|Any CPU.ActiveCfg = Debug|Any CPU
		{272045BE-3BFB-47FE-BB46-92A3558D2183}.Debug|Any CPU.Build.0 = Debug|Any CPU
		{272045BE-3BFB-47FE-BB46-92A3558D2183}.Debug|arm64.ActiveCfg = Debug|Any CPU
		{272045BE-3BFB-47FE-BB46-92A3558D2183}.Debug|arm64.Build.0 = Debug|Any CPU
		{272045BE-3BFB-47FE-BB46-92A3558D2183}.Debug|x64.ActiveCfg = Debug|Any CPU
		{272045BE-3BFB-47FE-BB46-92A3558D2183}.Debug|x64.Build.0 = Debug|Any CPU
		{272045BE-3BFB-47FE-BB46-92A3558D2183}.Debug|x86.ActiveCfg = Debug|Any CPU
		{272045BE-3BFB-47FE-BB46-92A3558D2183}.Debug|x86.Build.0 = Debug|Any CPU
		{272045BE-3BFB-47FE-BB46-92A3558D2183}.Release|Any CPU.ActiveCfg = Release|Any CPU
		{272045BE-3BFB-47FE-BB46-92A3558D2183}.Release|Any CPU.Build.0 = Release|Any CPU
		{272045BE-3BFB-47FE-BB46-92A3558D2183}.Release|arm64.ActiveCfg = Release|Any CPU
		{272045BE-3BFB-47FE-BB46-92A3558D2183}.Release|arm64.Build.0 = Release|Any CPU
		{272045BE-3BFB-47FE-BB46-92A3558D2183}.Release|x64.ActiveCfg = Release|Any CPU
		{272045BE-3BFB-47FE-BB46-92A3558D2183}.Release|x64.Build.0 = Release|Any CPU
		{272045BE-3BFB-47FE-BB46-92A3558D2183}.Release|x86.ActiveCfg = Release|Any CPU
		{272045BE-3BFB-47FE-BB46-92A3558D2183}.Release|x86.Build.0 = Release|Any CPU
		{2BA27EA3-B0B6-46E5-91A2-E0235C487BCA}.Debug|Any CPU.ActiveCfg = Debug|Any CPU
		{2BA27EA3-B0B6-46E5-91A2-E0235C487BCA}.Debug|Any CPU.Build.0 = Debug|Any CPU
		{2BA27EA3-B0B6-46E5-91A2-E0235C487BCA}.Debug|arm64.ActiveCfg = Debug|Any CPU
		{2BA27EA3-B0B6-46E5-91A2-E0235C487BCA}.Debug|arm64.Build.0 = Debug|Any CPU
		{2BA27EA3-B0B6-46E5-91A2-E0235C487BCA}.Debug|x64.ActiveCfg = Debug|Any CPU
		{2BA27EA3-B0B6-46E5-91A2-E0235C487BCA}.Debug|x64.Build.0 = Debug|Any CPU
		{2BA27EA3-B0B6-46E5-91A2-E0235C487BCA}.Debug|x86.ActiveCfg = Debug|Any CPU
		{2BA27EA3-B0B6-46E5-91A2-E0235C487BCA}.Debug|x86.Build.0 = Debug|Any CPU
		{2BA27EA3-B0B6-46E5-91A2-E0235C487BCA}.Release|Any CPU.ActiveCfg = Release|Any CPU
		{2BA27EA3-B0B6-46E5-91A2-E0235C487BCA}.Release|Any CPU.Build.0 = Release|Any CPU
		{2BA27EA3-B0B6-46E5-91A2-E0235C487BCA}.Release|arm64.ActiveCfg = Release|Any CPU
		{2BA27EA3-B0B6-46E5-91A2-E0235C487BCA}.Release|arm64.Build.0 = Release|Any CPU
		{2BA27EA3-B0B6-46E5-91A2-E0235C487BCA}.Release|x64.ActiveCfg = Release|Any CPU
		{2BA27EA3-B0B6-46E5-91A2-E0235C487BCA}.Release|x64.Build.0 = Release|Any CPU
		{2BA27EA3-B0B6-46E5-91A2-E0235C487BCA}.Release|x86.ActiveCfg = Release|Any CPU
		{2BA27EA3-B0B6-46E5-91A2-E0235C487BCA}.Release|x86.Build.0 = Release|Any CPU
		{DDC02381-8CF6-420F-9B7C-6144B80D5C6D}.Debug|Any CPU.ActiveCfg = Debug|Any CPU
		{DDC02381-8CF6-420F-9B7C-6144B80D5C6D}.Debug|Any CPU.Build.0 = Debug|Any CPU
		{DDC02381-8CF6-420F-9B7C-6144B80D5C6D}.Debug|arm64.ActiveCfg = Debug|Any CPU
		{DDC02381-8CF6-420F-9B7C-6144B80D5C6D}.Debug|arm64.Build.0 = Debug|Any CPU
		{DDC02381-8CF6-420F-9B7C-6144B80D5C6D}.Debug|x64.ActiveCfg = Debug|Any CPU
		{DDC02381-8CF6-420F-9B7C-6144B80D5C6D}.Debug|x64.Build.0 = Debug|Any CPU
		{DDC02381-8CF6-420F-9B7C-6144B80D5C6D}.Debug|x86.ActiveCfg = Debug|Any CPU
		{DDC02381-8CF6-420F-9B7C-6144B80D5C6D}.Debug|x86.Build.0 = Debug|Any CPU
		{DDC02381-8CF6-420F-9B7C-6144B80D5C6D}.Release|Any CPU.ActiveCfg = Release|Any CPU
		{DDC02381-8CF6-420F-9B7C-6144B80D5C6D}.Release|Any CPU.Build.0 = Release|Any CPU
		{DDC02381-8CF6-420F-9B7C-6144B80D5C6D}.Release|arm64.ActiveCfg = Release|Any CPU
		{DDC02381-8CF6-420F-9B7C-6144B80D5C6D}.Release|arm64.Build.0 = Release|Any CPU
		{DDC02381-8CF6-420F-9B7C-6144B80D5C6D}.Release|x64.ActiveCfg = Release|Any CPU
		{DDC02381-8CF6-420F-9B7C-6144B80D5C6D}.Release|x64.Build.0 = Release|Any CPU
		{DDC02381-8CF6-420F-9B7C-6144B80D5C6D}.Release|x86.ActiveCfg = Release|Any CPU
		{DDC02381-8CF6-420F-9B7C-6144B80D5C6D}.Release|x86.Build.0 = Release|Any CPU
		{F3CCD53B-8FF7-47B0-BFF2-131403048F0B}.Debug|Any CPU.ActiveCfg = Debug|Any CPU
		{F3CCD53B-8FF7-47B0-BFF2-131403048F0B}.Debug|Any CPU.Build.0 = Debug|Any CPU
		{F3CCD53B-8FF7-47B0-BFF2-131403048F0B}.Debug|arm64.ActiveCfg = Debug|Any CPU
		{F3CCD53B-8FF7-47B0-BFF2-131403048F0B}.Debug|arm64.Build.0 = Debug|Any CPU
		{F3CCD53B-8FF7-47B0-BFF2-131403048F0B}.Debug|x64.ActiveCfg = Debug|Any CPU
		{F3CCD53B-8FF7-47B0-BFF2-131403048F0B}.Debug|x64.Build.0 = Debug|Any CPU
		{F3CCD53B-8FF7-47B0-BFF2-131403048F0B}.Debug|x86.ActiveCfg = Debug|Any CPU
		{F3CCD53B-8FF7-47B0-BFF2-131403048F0B}.Debug|x86.Build.0 = Debug|Any CPU
		{F3CCD53B-8FF7-47B0-BFF2-131403048F0B}.Release|Any CPU.ActiveCfg = Release|Any CPU
		{F3CCD53B-8FF7-47B0-BFF2-131403048F0B}.Release|Any CPU.Build.0 = Release|Any CPU
		{F3CCD53B-8FF7-47B0-BFF2-131403048F0B}.Release|arm64.ActiveCfg = Release|Any CPU
		{F3CCD53B-8FF7-47B0-BFF2-131403048F0B}.Release|arm64.Build.0 = Release|Any CPU
		{F3CCD53B-8FF7-47B0-BFF2-131403048F0B}.Release|x64.ActiveCfg = Release|Any CPU
		{F3CCD53B-8FF7-47B0-BFF2-131403048F0B}.Release|x64.Build.0 = Release|Any CPU
		{F3CCD53B-8FF7-47B0-BFF2-131403048F0B}.Release|x86.ActiveCfg = Release|Any CPU
		{F3CCD53B-8FF7-47B0-BFF2-131403048F0B}.Release|x86.Build.0 = Release|Any CPU
		{20FF892B-278A-455B-ADEA-59CD400B3257}.Debug|Any CPU.ActiveCfg = Debug|Any CPU
		{20FF892B-278A-455B-ADEA-59CD400B3257}.Debug|Any CPU.Build.0 = Debug|Any CPU
		{20FF892B-278A-455B-ADEA-59CD400B3257}.Debug|arm64.ActiveCfg = Debug|Any CPU
		{20FF892B-278A-455B-ADEA-59CD400B3257}.Debug|arm64.Build.0 = Debug|Any CPU
		{20FF892B-278A-455B-ADEA-59CD400B3257}.Debug|x64.ActiveCfg = Debug|Any CPU
		{20FF892B-278A-455B-ADEA-59CD400B3257}.Debug|x64.Build.0 = Debug|Any CPU
		{20FF892B-278A-455B-ADEA-59CD400B3257}.Debug|x86.ActiveCfg = Debug|Any CPU
		{20FF892B-278A-455B-ADEA-59CD400B3257}.Debug|x86.Build.0 = Debug|Any CPU
		{20FF892B-278A-455B-ADEA-59CD400B3257}.Release|Any CPU.ActiveCfg = Release|Any CPU
		{20FF892B-278A-455B-ADEA-59CD400B3257}.Release|Any CPU.Build.0 = Release|Any CPU
		{20FF892B-278A-455B-ADEA-59CD400B3257}.Release|arm64.ActiveCfg = Release|Any CPU
		{20FF892B-278A-455B-ADEA-59CD400B3257}.Release|arm64.Build.0 = Release|Any CPU
		{20FF892B-278A-455B-ADEA-59CD400B3257}.Release|x64.ActiveCfg = Release|Any CPU
		{20FF892B-278A-455B-ADEA-59CD400B3257}.Release|x64.Build.0 = Release|Any CPU
		{20FF892B-278A-455B-ADEA-59CD400B3257}.Release|x86.ActiveCfg = Release|Any CPU
		{20FF892B-278A-455B-ADEA-59CD400B3257}.Release|x86.Build.0 = Release|Any CPU
		{383C8074-F5A4-43A3-A473-57929AD86F37}.Debug|Any CPU.ActiveCfg = Debug|Any CPU
		{383C8074-F5A4-43A3-A473-57929AD86F37}.Debug|Any CPU.Build.0 = Debug|Any CPU
		{383C8074-F5A4-43A3-A473-57929AD86F37}.Debug|arm64.ActiveCfg = Debug|Any CPU
		{383C8074-F5A4-43A3-A473-57929AD86F37}.Debug|arm64.Build.0 = Debug|Any CPU
		{383C8074-F5A4-43A3-A473-57929AD86F37}.Debug|x64.ActiveCfg = Debug|Any CPU
		{383C8074-F5A4-43A3-A473-57929AD86F37}.Debug|x64.Build.0 = Debug|Any CPU
		{383C8074-F5A4-43A3-A473-57929AD86F37}.Debug|x86.ActiveCfg = Debug|Any CPU
		{383C8074-F5A4-43A3-A473-57929AD86F37}.Debug|x86.Build.0 = Debug|Any CPU
		{383C8074-F5A4-43A3-A473-57929AD86F37}.Release|Any CPU.ActiveCfg = Release|Any CPU
		{383C8074-F5A4-43A3-A473-57929AD86F37}.Release|Any CPU.Build.0 = Release|Any CPU
		{383C8074-F5A4-43A3-A473-57929AD86F37}.Release|arm64.ActiveCfg = Release|Any CPU
		{383C8074-F5A4-43A3-A473-57929AD86F37}.Release|arm64.Build.0 = Release|Any CPU
		{383C8074-F5A4-43A3-A473-57929AD86F37}.Release|x64.ActiveCfg = Release|Any CPU
		{383C8074-F5A4-43A3-A473-57929AD86F37}.Release|x64.Build.0 = Release|Any CPU
		{383C8074-F5A4-43A3-A473-57929AD86F37}.Release|x86.ActiveCfg = Release|Any CPU
		{383C8074-F5A4-43A3-A473-57929AD86F37}.Release|x86.Build.0 = Release|Any CPU
		{ECFA26FA-E8F1-478B-A3D7-5DF81726A697}.Debug|Any CPU.ActiveCfg = Debug|Any CPU
		{ECFA26FA-E8F1-478B-A3D7-5DF81726A697}.Debug|Any CPU.Build.0 = Debug|Any CPU
		{ECFA26FA-E8F1-478B-A3D7-5DF81726A697}.Debug|arm64.ActiveCfg = Debug|Any CPU
		{ECFA26FA-E8F1-478B-A3D7-5DF81726A697}.Debug|arm64.Build.0 = Debug|Any CPU
		{ECFA26FA-E8F1-478B-A3D7-5DF81726A697}.Debug|x64.ActiveCfg = Debug|Any CPU
		{ECFA26FA-E8F1-478B-A3D7-5DF81726A697}.Debug|x64.Build.0 = Debug|Any CPU
		{ECFA26FA-E8F1-478B-A3D7-5DF81726A697}.Debug|x86.ActiveCfg = Debug|Any CPU
		{ECFA26FA-E8F1-478B-A3D7-5DF81726A697}.Debug|x86.Build.0 = Debug|Any CPU
		{ECFA26FA-E8F1-478B-A3D7-5DF81726A697}.Release|Any CPU.ActiveCfg = Release|Any CPU
		{ECFA26FA-E8F1-478B-A3D7-5DF81726A697}.Release|Any CPU.Build.0 = Release|Any CPU
		{ECFA26FA-E8F1-478B-A3D7-5DF81726A697}.Release|arm64.ActiveCfg = Release|Any CPU
		{ECFA26FA-E8F1-478B-A3D7-5DF81726A697}.Release|arm64.Build.0 = Release|Any CPU
		{ECFA26FA-E8F1-478B-A3D7-5DF81726A697}.Release|x64.ActiveCfg = Release|Any CPU
		{ECFA26FA-E8F1-478B-A3D7-5DF81726A697}.Release|x64.Build.0 = Release|Any CPU
		{ECFA26FA-E8F1-478B-A3D7-5DF81726A697}.Release|x86.ActiveCfg = Release|Any CPU
		{ECFA26FA-E8F1-478B-A3D7-5DF81726A697}.Release|x86.Build.0 = Release|Any CPU
		{522C5FA9-50BE-46D0-AF91-267D46346DB4}.Debug|Any CPU.ActiveCfg = Debug|Any CPU
		{522C5FA9-50BE-46D0-AF91-267D46346DB4}.Debug|Any CPU.Build.0 = Debug|Any CPU
		{522C5FA9-50BE-46D0-AF91-267D46346DB4}.Debug|arm64.ActiveCfg = Debug|Any CPU
		{522C5FA9-50BE-46D0-AF91-267D46346DB4}.Debug|arm64.Build.0 = Debug|Any CPU
		{522C5FA9-50BE-46D0-AF91-267D46346DB4}.Debug|x64.ActiveCfg = Debug|Any CPU
		{522C5FA9-50BE-46D0-AF91-267D46346DB4}.Debug|x64.Build.0 = Debug|Any CPU
		{522C5FA9-50BE-46D0-AF91-267D46346DB4}.Debug|x86.ActiveCfg = Debug|Any CPU
		{522C5FA9-50BE-46D0-AF91-267D46346DB4}.Debug|x86.Build.0 = Debug|Any CPU
		{522C5FA9-50BE-46D0-AF91-267D46346DB4}.Release|Any CPU.ActiveCfg = Release|Any CPU
		{522C5FA9-50BE-46D0-AF91-267D46346DB4}.Release|Any CPU.Build.0 = Release|Any CPU
		{522C5FA9-50BE-46D0-AF91-267D46346DB4}.Release|arm64.ActiveCfg = Release|Any CPU
		{522C5FA9-50BE-46D0-AF91-267D46346DB4}.Release|arm64.Build.0 = Release|Any CPU
		{522C5FA9-50BE-46D0-AF91-267D46346DB4}.Release|x64.ActiveCfg = Release|Any CPU
		{522C5FA9-50BE-46D0-AF91-267D46346DB4}.Release|x64.Build.0 = Release|Any CPU
		{522C5FA9-50BE-46D0-AF91-267D46346DB4}.Release|x86.ActiveCfg = Release|Any CPU
		{522C5FA9-50BE-46D0-AF91-267D46346DB4}.Release|x86.Build.0 = Release|Any CPU
		{A2F358F2-CF72-4E87-BA5C-CD7058CF35D2}.Debug|Any CPU.ActiveCfg = Debug|Any CPU
		{A2F358F2-CF72-4E87-BA5C-CD7058CF35D2}.Debug|Any CPU.Build.0 = Debug|Any CPU
		{A2F358F2-CF72-4E87-BA5C-CD7058CF35D2}.Debug|arm64.ActiveCfg = Debug|Any CPU
		{A2F358F2-CF72-4E87-BA5C-CD7058CF35D2}.Debug|arm64.Build.0 = Debug|Any CPU
		{A2F358F2-CF72-4E87-BA5C-CD7058CF35D2}.Debug|x64.ActiveCfg = Debug|Any CPU
		{A2F358F2-CF72-4E87-BA5C-CD7058CF35D2}.Debug|x64.Build.0 = Debug|Any CPU
		{A2F358F2-CF72-4E87-BA5C-CD7058CF35D2}.Debug|x86.ActiveCfg = Debug|Any CPU
		{A2F358F2-CF72-4E87-BA5C-CD7058CF35D2}.Debug|x86.Build.0 = Debug|Any CPU
		{A2F358F2-CF72-4E87-BA5C-CD7058CF35D2}.Release|Any CPU.ActiveCfg = Release|Any CPU
		{A2F358F2-CF72-4E87-BA5C-CD7058CF35D2}.Release|Any CPU.Build.0 = Release|Any CPU
		{A2F358F2-CF72-4E87-BA5C-CD7058CF35D2}.Release|arm64.ActiveCfg = Release|Any CPU
		{A2F358F2-CF72-4E87-BA5C-CD7058CF35D2}.Release|arm64.Build.0 = Release|Any CPU
		{A2F358F2-CF72-4E87-BA5C-CD7058CF35D2}.Release|x64.ActiveCfg = Release|Any CPU
		{A2F358F2-CF72-4E87-BA5C-CD7058CF35D2}.Release|x64.Build.0 = Release|Any CPU
		{A2F358F2-CF72-4E87-BA5C-CD7058CF35D2}.Release|x86.ActiveCfg = Release|Any CPU
		{A2F358F2-CF72-4E87-BA5C-CD7058CF35D2}.Release|x86.Build.0 = Release|Any CPU
		{2F787833-F62B-4AB7-A37D-0BFFDDA24216}.Debug|Any CPU.ActiveCfg = Debug|Any CPU
		{2F787833-F62B-4AB7-A37D-0BFFDDA24216}.Debug|Any CPU.Build.0 = Debug|Any CPU
		{2F787833-F62B-4AB7-A37D-0BFFDDA24216}.Debug|arm64.ActiveCfg = Debug|Any CPU
		{2F787833-F62B-4AB7-A37D-0BFFDDA24216}.Debug|arm64.Build.0 = Debug|Any CPU
		{2F787833-F62B-4AB7-A37D-0BFFDDA24216}.Debug|x64.ActiveCfg = Debug|Any CPU
		{2F787833-F62B-4AB7-A37D-0BFFDDA24216}.Debug|x64.Build.0 = Debug|Any CPU
		{2F787833-F62B-4AB7-A37D-0BFFDDA24216}.Debug|x86.ActiveCfg = Debug|Any CPU
		{2F787833-F62B-4AB7-A37D-0BFFDDA24216}.Debug|x86.Build.0 = Debug|Any CPU
		{2F787833-F62B-4AB7-A37D-0BFFDDA24216}.Release|Any CPU.ActiveCfg = Release|Any CPU
		{2F787833-F62B-4AB7-A37D-0BFFDDA24216}.Release|Any CPU.Build.0 = Release|Any CPU
		{2F787833-F62B-4AB7-A37D-0BFFDDA24216}.Release|arm64.ActiveCfg = Release|Any CPU
		{2F787833-F62B-4AB7-A37D-0BFFDDA24216}.Release|arm64.Build.0 = Release|Any CPU
		{2F787833-F62B-4AB7-A37D-0BFFDDA24216}.Release|x64.ActiveCfg = Release|Any CPU
		{2F787833-F62B-4AB7-A37D-0BFFDDA24216}.Release|x64.Build.0 = Release|Any CPU
		{2F787833-F62B-4AB7-A37D-0BFFDDA24216}.Release|x86.ActiveCfg = Release|Any CPU
		{2F787833-F62B-4AB7-A37D-0BFFDDA24216}.Release|x86.Build.0 = Release|Any CPU
		{961D8121-F879-4ABD-B322-37998D5A0DE9}.Debug|Any CPU.ActiveCfg = Debug|Any CPU
		{961D8121-F879-4ABD-B322-37998D5A0DE9}.Debug|Any CPU.Build.0 = Debug|Any CPU
		{961D8121-F879-4ABD-B322-37998D5A0DE9}.Debug|arm64.ActiveCfg = Debug|Any CPU
		{961D8121-F879-4ABD-B322-37998D5A0DE9}.Debug|arm64.Build.0 = Debug|Any CPU
		{961D8121-F879-4ABD-B322-37998D5A0DE9}.Debug|x64.ActiveCfg = Debug|Any CPU
		{961D8121-F879-4ABD-B322-37998D5A0DE9}.Debug|x64.Build.0 = Debug|Any CPU
		{961D8121-F879-4ABD-B322-37998D5A0DE9}.Debug|x86.ActiveCfg = Debug|Any CPU
		{961D8121-F879-4ABD-B322-37998D5A0DE9}.Debug|x86.Build.0 = Debug|Any CPU
		{961D8121-F879-4ABD-B322-37998D5A0DE9}.Release|Any CPU.ActiveCfg = Release|Any CPU
		{961D8121-F879-4ABD-B322-37998D5A0DE9}.Release|Any CPU.Build.0 = Release|Any CPU
		{961D8121-F879-4ABD-B322-37998D5A0DE9}.Release|arm64.ActiveCfg = Release|Any CPU
		{961D8121-F879-4ABD-B322-37998D5A0DE9}.Release|arm64.Build.0 = Release|Any CPU
		{961D8121-F879-4ABD-B322-37998D5A0DE9}.Release|x64.ActiveCfg = Release|Any CPU
		{961D8121-F879-4ABD-B322-37998D5A0DE9}.Release|x64.Build.0 = Release|Any CPU
		{961D8121-F879-4ABD-B322-37998D5A0DE9}.Release|x86.ActiveCfg = Release|Any CPU
		{961D8121-F879-4ABD-B322-37998D5A0DE9}.Release|x86.Build.0 = Release|Any CPU
		{D4FAD848-7ADE-4B7F-8565-17C555DC1173}.Debug|Any CPU.ActiveCfg = Debug|Any CPU
		{D4FAD848-7ADE-4B7F-8565-17C555DC1173}.Debug|Any CPU.Build.0 = Debug|Any CPU
		{D4FAD848-7ADE-4B7F-8565-17C555DC1173}.Debug|Any CPU.Deploy.0 = Debug|Any CPU
		{D4FAD848-7ADE-4B7F-8565-17C555DC1173}.Debug|arm64.ActiveCfg = Debug|arm64
		{D4FAD848-7ADE-4B7F-8565-17C555DC1173}.Debug|arm64.Build.0 = Debug|arm64
		{D4FAD848-7ADE-4B7F-8565-17C555DC1173}.Debug|arm64.Deploy.0 = Debug|arm64
		{D4FAD848-7ADE-4B7F-8565-17C555DC1173}.Debug|x64.ActiveCfg = Debug|x64
		{D4FAD848-7ADE-4B7F-8565-17C555DC1173}.Debug|x64.Build.0 = Debug|x64
		{D4FAD848-7ADE-4B7F-8565-17C555DC1173}.Debug|x64.Deploy.0 = Debug|x64
		{D4FAD848-7ADE-4B7F-8565-17C555DC1173}.Debug|x86.ActiveCfg = Debug|x86
		{D4FAD848-7ADE-4B7F-8565-17C555DC1173}.Debug|x86.Build.0 = Debug|x86
		{D4FAD848-7ADE-4B7F-8565-17C555DC1173}.Debug|x86.Deploy.0 = Debug|x86
		{D4FAD848-7ADE-4B7F-8565-17C555DC1173}.Release|Any CPU.ActiveCfg = Release|x64
		{D4FAD848-7ADE-4B7F-8565-17C555DC1173}.Release|Any CPU.Build.0 = Release|x64
		{D4FAD848-7ADE-4B7F-8565-17C555DC1173}.Release|Any CPU.Deploy.0 = Release|x64
		{D4FAD848-7ADE-4B7F-8565-17C555DC1173}.Release|arm64.ActiveCfg = Release|arm64
		{D4FAD848-7ADE-4B7F-8565-17C555DC1173}.Release|arm64.Build.0 = Release|arm64
		{D4FAD848-7ADE-4B7F-8565-17C555DC1173}.Release|arm64.Deploy.0 = Release|arm64
		{D4FAD848-7ADE-4B7F-8565-17C555DC1173}.Release|x64.ActiveCfg = Release|x64
		{D4FAD848-7ADE-4B7F-8565-17C555DC1173}.Release|x64.Build.0 = Release|x64
		{D4FAD848-7ADE-4B7F-8565-17C555DC1173}.Release|x64.Deploy.0 = Release|x64
		{D4FAD848-7ADE-4B7F-8565-17C555DC1173}.Release|x86.ActiveCfg = Release|x86
		{D4FAD848-7ADE-4B7F-8565-17C555DC1173}.Release|x86.Build.0 = Release|x86
		{D4FAD848-7ADE-4B7F-8565-17C555DC1173}.Release|x86.Deploy.0 = Release|x86
		{D1AF2738-8C9A-4C7E-A3A5-5DDE42C1253C}.Debug|Any CPU.ActiveCfg = Debug|Any CPU
		{D1AF2738-8C9A-4C7E-A3A5-5DDE42C1253C}.Debug|Any CPU.Build.0 = Debug|Any CPU
		{D1AF2738-8C9A-4C7E-A3A5-5DDE42C1253C}.Debug|arm64.ActiveCfg = Debug|Any CPU
		{D1AF2738-8C9A-4C7E-A3A5-5DDE42C1253C}.Debug|arm64.Build.0 = Debug|Any CPU
		{D1AF2738-8C9A-4C7E-A3A5-5DDE42C1253C}.Debug|x64.ActiveCfg = Debug|Any CPU
		{D1AF2738-8C9A-4C7E-A3A5-5DDE42C1253C}.Debug|x64.Build.0 = Debug|Any CPU
		{D1AF2738-8C9A-4C7E-A3A5-5DDE42C1253C}.Debug|x86.ActiveCfg = Debug|Any CPU
		{D1AF2738-8C9A-4C7E-A3A5-5DDE42C1253C}.Debug|x86.Build.0 = Debug|Any CPU
		{D1AF2738-8C9A-4C7E-A3A5-5DDE42C1253C}.Release|Any CPU.ActiveCfg = Release|Any CPU
		{D1AF2738-8C9A-4C7E-A3A5-5DDE42C1253C}.Release|Any CPU.Build.0 = Release|Any CPU
		{D1AF2738-8C9A-4C7E-A3A5-5DDE42C1253C}.Release|arm64.ActiveCfg = Release|Any CPU
		{D1AF2738-8C9A-4C7E-A3A5-5DDE42C1253C}.Release|arm64.Build.0 = Release|Any CPU
		{D1AF2738-8C9A-4C7E-A3A5-5DDE42C1253C}.Release|x64.ActiveCfg = Release|Any CPU
		{D1AF2738-8C9A-4C7E-A3A5-5DDE42C1253C}.Release|x64.Build.0 = Release|Any CPU
		{D1AF2738-8C9A-4C7E-A3A5-5DDE42C1253C}.Release|x86.ActiveCfg = Release|Any CPU
		{D1AF2738-8C9A-4C7E-A3A5-5DDE42C1253C}.Release|x86.Build.0 = Release|Any CPU
		{89725886-1346-44D8-94B0-DC9BCA86B561}.Debug|Any CPU.ActiveCfg = Debug|Any CPU
		{89725886-1346-44D8-94B0-DC9BCA86B561}.Debug|Any CPU.Build.0 = Debug|Any CPU
		{89725886-1346-44D8-94B0-DC9BCA86B561}.Debug|arm64.ActiveCfg = Debug|Any CPU
		{89725886-1346-44D8-94B0-DC9BCA86B561}.Debug|arm64.Build.0 = Debug|Any CPU
		{89725886-1346-44D8-94B0-DC9BCA86B561}.Debug|x64.ActiveCfg = Debug|Any CPU
		{89725886-1346-44D8-94B0-DC9BCA86B561}.Debug|x64.Build.0 = Debug|Any CPU
		{89725886-1346-44D8-94B0-DC9BCA86B561}.Debug|x86.ActiveCfg = Debug|Any CPU
		{89725886-1346-44D8-94B0-DC9BCA86B561}.Debug|x86.Build.0 = Debug|Any CPU
		{89725886-1346-44D8-94B0-DC9BCA86B561}.Release|Any CPU.ActiveCfg = Release|Any CPU
		{89725886-1346-44D8-94B0-DC9BCA86B561}.Release|Any CPU.Build.0 = Release|Any CPU
		{89725886-1346-44D8-94B0-DC9BCA86B561}.Release|arm64.ActiveCfg = Release|Any CPU
		{89725886-1346-44D8-94B0-DC9BCA86B561}.Release|arm64.Build.0 = Release|Any CPU
		{89725886-1346-44D8-94B0-DC9BCA86B561}.Release|x64.ActiveCfg = Release|Any CPU
		{89725886-1346-44D8-94B0-DC9BCA86B561}.Release|x64.Build.0 = Release|Any CPU
		{89725886-1346-44D8-94B0-DC9BCA86B561}.Release|x86.ActiveCfg = Release|Any CPU
		{89725886-1346-44D8-94B0-DC9BCA86B561}.Release|x86.Build.0 = Release|Any CPU
		{F929549B-8C94-4F2E-99E1-FCE369AED5CB}.Debug|Any CPU.ActiveCfg = Debug|Any CPU
		{F929549B-8C94-4F2E-99E1-FCE369AED5CB}.Debug|Any CPU.Build.0 = Debug|Any CPU
		{F929549B-8C94-4F2E-99E1-FCE369AED5CB}.Debug|arm64.ActiveCfg = Debug|Any CPU
		{F929549B-8C94-4F2E-99E1-FCE369AED5CB}.Debug|arm64.Build.0 = Debug|Any CPU
		{F929549B-8C94-4F2E-99E1-FCE369AED5CB}.Debug|x64.ActiveCfg = Debug|Any CPU
		{F929549B-8C94-4F2E-99E1-FCE369AED5CB}.Debug|x64.Build.0 = Debug|Any CPU
		{F929549B-8C94-4F2E-99E1-FCE369AED5CB}.Debug|x86.ActiveCfg = Debug|Any CPU
		{F929549B-8C94-4F2E-99E1-FCE369AED5CB}.Debug|x86.Build.0 = Debug|Any CPU
		{F929549B-8C94-4F2E-99E1-FCE369AED5CB}.Release|Any CPU.ActiveCfg = Release|Any CPU
		{F929549B-8C94-4F2E-99E1-FCE369AED5CB}.Release|Any CPU.Build.0 = Release|Any CPU
		{F929549B-8C94-4F2E-99E1-FCE369AED5CB}.Release|arm64.ActiveCfg = Release|Any CPU
		{F929549B-8C94-4F2E-99E1-FCE369AED5CB}.Release|arm64.Build.0 = Release|Any CPU
		{F929549B-8C94-4F2E-99E1-FCE369AED5CB}.Release|x64.ActiveCfg = Release|Any CPU
		{F929549B-8C94-4F2E-99E1-FCE369AED5CB}.Release|x64.Build.0 = Release|Any CPU
		{F929549B-8C94-4F2E-99E1-FCE369AED5CB}.Release|x86.ActiveCfg = Release|Any CPU
		{F929549B-8C94-4F2E-99E1-FCE369AED5CB}.Release|x86.Build.0 = Release|Any CPU
		{B775C18A-0E9F-4EA5-8344-34D21ABAA063}.Debug|Any CPU.ActiveCfg = Debug|Any CPU
		{B775C18A-0E9F-4EA5-8344-34D21ABAA063}.Debug|Any CPU.Build.0 = Debug|Any CPU
		{B775C18A-0E9F-4EA5-8344-34D21ABAA063}.Debug|arm64.ActiveCfg = Debug|Any CPU
		{B775C18A-0E9F-4EA5-8344-34D21ABAA063}.Debug|arm64.Build.0 = Debug|Any CPU
		{B775C18A-0E9F-4EA5-8344-34D21ABAA063}.Debug|x64.ActiveCfg = Debug|Any CPU
		{B775C18A-0E9F-4EA5-8344-34D21ABAA063}.Debug|x64.Build.0 = Debug|Any CPU
		{B775C18A-0E9F-4EA5-8344-34D21ABAA063}.Debug|x86.ActiveCfg = Debug|Any CPU
		{B775C18A-0E9F-4EA5-8344-34D21ABAA063}.Debug|x86.Build.0 = Debug|Any CPU
		{B775C18A-0E9F-4EA5-8344-34D21ABAA063}.Release|Any CPU.ActiveCfg = Release|Any CPU
		{B775C18A-0E9F-4EA5-8344-34D21ABAA063}.Release|Any CPU.Build.0 = Release|Any CPU
		{B775C18A-0E9F-4EA5-8344-34D21ABAA063}.Release|arm64.ActiveCfg = Release|Any CPU
		{B775C18A-0E9F-4EA5-8344-34D21ABAA063}.Release|arm64.Build.0 = Release|Any CPU
		{B775C18A-0E9F-4EA5-8344-34D21ABAA063}.Release|x64.ActiveCfg = Release|Any CPU
		{B775C18A-0E9F-4EA5-8344-34D21ABAA063}.Release|x64.Build.0 = Release|Any CPU
		{B775C18A-0E9F-4EA5-8344-34D21ABAA063}.Release|x86.ActiveCfg = Release|Any CPU
		{B775C18A-0E9F-4EA5-8344-34D21ABAA063}.Release|x86.Build.0 = Release|Any CPU
		{111B0AA5-D960-49BB-9E33-0F1D551C1B0D}.Debug|Any CPU.ActiveCfg = Debug|Any CPU
		{111B0AA5-D960-49BB-9E33-0F1D551C1B0D}.Debug|Any CPU.Build.0 = Debug|Any CPU
		{111B0AA5-D960-49BB-9E33-0F1D551C1B0D}.Debug|arm64.ActiveCfg = Debug|Any CPU
		{111B0AA5-D960-49BB-9E33-0F1D551C1B0D}.Debug|arm64.Build.0 = Debug|Any CPU
		{111B0AA5-D960-49BB-9E33-0F1D551C1B0D}.Debug|x64.ActiveCfg = Debug|Any CPU
		{111B0AA5-D960-49BB-9E33-0F1D551C1B0D}.Debug|x64.Build.0 = Debug|Any CPU
		{111B0AA5-D960-49BB-9E33-0F1D551C1B0D}.Debug|x86.ActiveCfg = Debug|Any CPU
		{111B0AA5-D960-49BB-9E33-0F1D551C1B0D}.Debug|x86.Build.0 = Debug|Any CPU
		{111B0AA5-D960-49BB-9E33-0F1D551C1B0D}.Release|Any CPU.ActiveCfg = Release|Any CPU
		{111B0AA5-D960-49BB-9E33-0F1D551C1B0D}.Release|Any CPU.Build.0 = Release|Any CPU
		{111B0AA5-D960-49BB-9E33-0F1D551C1B0D}.Release|arm64.ActiveCfg = Release|Any CPU
		{111B0AA5-D960-49BB-9E33-0F1D551C1B0D}.Release|arm64.Build.0 = Release|Any CPU
		{111B0AA5-D960-49BB-9E33-0F1D551C1B0D}.Release|x64.ActiveCfg = Release|Any CPU
		{111B0AA5-D960-49BB-9E33-0F1D551C1B0D}.Release|x64.Build.0 = Release|Any CPU
		{111B0AA5-D960-49BB-9E33-0F1D551C1B0D}.Release|x86.ActiveCfg = Release|Any CPU
		{111B0AA5-D960-49BB-9E33-0F1D551C1B0D}.Release|x86.Build.0 = Release|Any CPU
		{5FE67EC2-C6BA-4E14-9E53-AF3136A14DC5}.Debug|Any CPU.ActiveCfg = Debug|Any CPU
		{5FE67EC2-C6BA-4E14-9E53-AF3136A14DC5}.Debug|Any CPU.Build.0 = Debug|Any CPU
		{5FE67EC2-C6BA-4E14-9E53-AF3136A14DC5}.Debug|arm64.ActiveCfg = Debug|Any CPU
		{5FE67EC2-C6BA-4E14-9E53-AF3136A14DC5}.Debug|arm64.Build.0 = Debug|Any CPU
		{5FE67EC2-C6BA-4E14-9E53-AF3136A14DC5}.Debug|x64.ActiveCfg = Debug|Any CPU
		{5FE67EC2-C6BA-4E14-9E53-AF3136A14DC5}.Debug|x64.Build.0 = Debug|Any CPU
		{5FE67EC2-C6BA-4E14-9E53-AF3136A14DC5}.Debug|x86.ActiveCfg = Debug|Any CPU
		{5FE67EC2-C6BA-4E14-9E53-AF3136A14DC5}.Debug|x86.Build.0 = Debug|Any CPU
		{5FE67EC2-C6BA-4E14-9E53-AF3136A14DC5}.Release|Any CPU.ActiveCfg = Release|Any CPU
		{5FE67EC2-C6BA-4E14-9E53-AF3136A14DC5}.Release|Any CPU.Build.0 = Release|Any CPU
		{5FE67EC2-C6BA-4E14-9E53-AF3136A14DC5}.Release|arm64.ActiveCfg = Release|Any CPU
		{5FE67EC2-C6BA-4E14-9E53-AF3136A14DC5}.Release|arm64.Build.0 = Release|Any CPU
		{5FE67EC2-C6BA-4E14-9E53-AF3136A14DC5}.Release|x64.ActiveCfg = Release|Any CPU
		{5FE67EC2-C6BA-4E14-9E53-AF3136A14DC5}.Release|x64.Build.0 = Release|Any CPU
		{5FE67EC2-C6BA-4E14-9E53-AF3136A14DC5}.Release|x86.ActiveCfg = Release|Any CPU
		{5FE67EC2-C6BA-4E14-9E53-AF3136A14DC5}.Release|x86.Build.0 = Release|Any CPU
		{7974B142-9E17-45FB-97A6-3F6951A8DD9A}.Debug|Any CPU.ActiveCfg = Debug|Any CPU
		{7974B142-9E17-45FB-97A6-3F6951A8DD9A}.Debug|Any CPU.Build.0 = Debug|Any CPU
		{7974B142-9E17-45FB-97A6-3F6951A8DD9A}.Debug|arm64.ActiveCfg = Debug|Any CPU
		{7974B142-9E17-45FB-97A6-3F6951A8DD9A}.Debug|arm64.Build.0 = Debug|Any CPU
		{7974B142-9E17-45FB-97A6-3F6951A8DD9A}.Debug|x64.ActiveCfg = Debug|Any CPU
		{7974B142-9E17-45FB-97A6-3F6951A8DD9A}.Debug|x64.Build.0 = Debug|Any CPU
		{7974B142-9E17-45FB-97A6-3F6951A8DD9A}.Debug|x86.ActiveCfg = Debug|Any CPU
		{7974B142-9E17-45FB-97A6-3F6951A8DD9A}.Debug|x86.Build.0 = Debug|Any CPU
		{7974B142-9E17-45FB-97A6-3F6951A8DD9A}.Release|Any CPU.ActiveCfg = Release|Any CPU
		{7974B142-9E17-45FB-97A6-3F6951A8DD9A}.Release|Any CPU.Build.0 = Release|Any CPU
		{7974B142-9E17-45FB-97A6-3F6951A8DD9A}.Release|arm64.ActiveCfg = Release|Any CPU
		{7974B142-9E17-45FB-97A6-3F6951A8DD9A}.Release|arm64.Build.0 = Release|Any CPU
		{7974B142-9E17-45FB-97A6-3F6951A8DD9A}.Release|x64.ActiveCfg = Release|Any CPU
		{7974B142-9E17-45FB-97A6-3F6951A8DD9A}.Release|x64.Build.0 = Release|Any CPU
		{7974B142-9E17-45FB-97A6-3F6951A8DD9A}.Release|x86.ActiveCfg = Release|Any CPU
		{7974B142-9E17-45FB-97A6-3F6951A8DD9A}.Release|x86.Build.0 = Release|Any CPU
	EndGlobalSection
	GlobalSection(SolutionProperties) = preSolution
		HideSolutionNode = FALSE
	EndGlobalSection
	GlobalSection(NestedProjects) = preSolution
		{8862C1E7-FEBF-43FC-A7EE-609EAB7C7CCB} = {82B0D8EA-3707-43BF-9F11-A8DB4DA9ADD0}
		{D66B42C1-56C8-41FA-9D34-FB144FD4AC42} = {82B0D8EA-3707-43BF-9F11-A8DB4DA9ADD0}
		{D7A86EDD-BFEE-4A00-992C-830AA0A6D20D} = {82B0D8EA-3707-43BF-9F11-A8DB4DA9ADD0}
		{0791A4A8-8174-423A-8A89-CD97103B877F} = {82B0D8EA-3707-43BF-9F11-A8DB4DA9ADD0}
		{272045BE-3BFB-47FE-BB46-92A3558D2183} = {82B0D8EA-3707-43BF-9F11-A8DB4DA9ADD0}
		{2BA27EA3-B0B6-46E5-91A2-E0235C487BCA} = {82B0D8EA-3707-43BF-9F11-A8DB4DA9ADD0}
		{DDC02381-8CF6-420F-9B7C-6144B80D5C6D} = {82B0D8EA-3707-43BF-9F11-A8DB4DA9ADD0}
		{F3CCD53B-8FF7-47B0-BFF2-131403048F0B} = {82B0D8EA-3707-43BF-9F11-A8DB4DA9ADD0}
		{20FF892B-278A-455B-ADEA-59CD400B3257} = {D995806F-1D35-43AF-B55E-C21AE0A2F9B1}
		{383C8074-F5A4-43A3-A473-57929AD86F37} = {D995806F-1D35-43AF-B55E-C21AE0A2F9B1}
		{ECFA26FA-E8F1-478B-A3D7-5DF81726A697} = {D995806F-1D35-43AF-B55E-C21AE0A2F9B1}
		{522C5FA9-50BE-46D0-AF91-267D46346DB4} = {D995806F-1D35-43AF-B55E-C21AE0A2F9B1}
		{A2F358F2-CF72-4E87-BA5C-CD7058CF35D2} = {D995806F-1D35-43AF-B55E-C21AE0A2F9B1}
		{2F787833-F62B-4AB7-A37D-0BFFDDA24216} = {D995806F-1D35-43AF-B55E-C21AE0A2F9B1}
		{961D8121-F879-4ABD-B322-37998D5A0DE9} = {D995806F-1D35-43AF-B55E-C21AE0A2F9B1}
		{D4FAD848-7ADE-4B7F-8565-17C555DC1173} = {D995806F-1D35-43AF-B55E-C21AE0A2F9B1}
		{D1AF2738-8C9A-4C7E-A3A5-5DDE42C1253C} = {3754B8CA-CA30-4DA0-80B8-CD80DBF005C2}
		{89725886-1346-44D8-94B0-DC9BCA86B561} = {3754B8CA-CA30-4DA0-80B8-CD80DBF005C2}
		{F929549B-8C94-4F2E-99E1-FCE369AED5CB} = {3754B8CA-CA30-4DA0-80B8-CD80DBF005C2}
		{B775C18A-0E9F-4EA5-8344-34D21ABAA063} = {3754B8CA-CA30-4DA0-80B8-CD80DBF005C2}
		{111B0AA5-D960-49BB-9E33-0F1D551C1B0D} = {3754B8CA-CA30-4DA0-80B8-CD80DBF005C2}
		{5FE67EC2-C6BA-4E14-9E53-AF3136A14DC5} = {3754B8CA-CA30-4DA0-80B8-CD80DBF005C2}
		{7974B142-9E17-45FB-97A6-3F6951A8DD9A} = {3754B8CA-CA30-4DA0-80B8-CD80DBF005C2}
	EndGlobalSection
	GlobalSection(ExtensibilityGlobals) = postSolution
		SolutionGuid = {629E8A53-EA6C-4874-9CC1-F727683AF4AF}
	EndGlobalSection
EndGlobal
