
Microsoft Visual Studio Solution File, Format Version 12.00
# Visual Studio Version 17
VisualStudioVersion = 17.4.32804.182
MinimumVisualStudioVersion = 10.0.40219.1
Project("{2150E333-8FDC-42A3-9474-1A3956D46DE8}") = "Chapter01", "Chapter01", "{82B0D8EA-3707-43BF-9F11-A8DB4DA9ADD0}"
EndProject
Project("{9A19103F-16F7-4668-BE54-9A1E7A4F7556}") = "DelegateExample1", "DelegateExample1\DelegateExample1.csproj", "{8862C1E7-FEBF-43FC-A7EE-609EAB7C7CCB}"
EndProject
Project("{9A19103F-16F7-4668-BE54-9A1E7A4F7556}") = "DelegateExample2", "DelegateExample2\DelegateExample2.csproj", "{D66B42C1-56C8-41FA-9D34-FB144FD4AC42}"
EndProject
Project("{9A19103F-16F7-4668-BE54-9A1E7A4F7556}") = "MulticastDelegateExample1", "MulticastDelegateExample1\MulticastDelegateExample1.csproj", "{D7A86EDD-BFEE-4A00-992C-830AA0A6D20D}"
EndProject
Project("{9A19103F-16F7-4668-BE54-9A1E7A4F7556}") = "MulticastDelegateExample2", "MulticastDelegateExample2\MulticastDelegateExample2.csproj", "{0791A4A8-8174-423A-8A89-CD97103B877F}"
EndProject
Project("{9A19103F-16F7-4668-BE54-9A1E7A4F7556}") = "MulticastDelegateExample2a", "MulticastDelegateExample2a\MulticastDelegateExample2a.csproj", "{272045BE-3BFB-47FE-BB46-92A3558D2183}"
EndProject
Project("{9A19103F-16F7-4668-BE54-9A1E7A4F7556}") = "CaseStudyWithOverloadedMethods", "CaseStudyWithOverloadedMethods\CaseStudyWithOverloadedMethods.csproj", "{2BA27EA3-B0B6-46E5-91A2-E0235C487BCA}"
EndProject
Project("{9A19103F-16F7-4668-BE54-9A1E7A4F7556}") = "CovarianceWithNonGenericDelegate", "CovarianceWithNonGenericDelegate\CovarianceWithNonGenericDelegate.csproj", "{DDC02381-8CF6-420F-9B7C-6144B80D5C6D}"
EndProject
Project("{9A19103F-16F7-4668-BE54-9A1E7A4F7556}") = "ContravarianceWithNonGenericDelegate", "ContravarianceWithNonGenericDelegate\ContravarianceWithNonGenericDelegate.csproj", "{F3CCD53B-8FF7-47B0-BFF2-131403048F0B}"
EndProject
Project("{2150E333-8FDC-42A3-9474-1A3956D46DE8}") = "Chapter02", "Chapter02", "{D995806F-1D35-43AF-B55E-C21AE0A2F9B1}"
EndProject
Project("{9A19103F-16F7-4668-BE54-9A1E7A4F7556}") = "EventsEx1", "EventEx1\EventsEx1.csproj", "{20FF892B-278A-455B-ADEA-59CD400B3257}"
EndProject
Project("{9A19103F-16F7-4668-BE54-9A1E7A4F7556}") = "EventsEx2", "EventsEx2\EventsEx2.csproj", "{383C8074-F5A4-43A3-A473-57929AD86F37}"
EndProject
Project("{9A19103F-16F7-4668-BE54-9A1E7A4F7556}") = "EventsEx3", "EventsEx3\EventsEx3.csproj", "{ECFA26FA-E8F1-478B-A3D7-5DF81726A697}"
EndProject
Project("{9A19103F-16F7-4668-BE54-9A1E7A4F7556}") = "EventsEx4", "EventsEx4\EventsEx4.csproj", "{522C5FA9-50BE-46D0-AF91-267D46346DB4}"
EndProject
Project("{9A19103F-16F7-4668-BE54-9A1E7A4F7556}") = "EventsEx5", "EventsEx5\EventsEx5.csproj", "{A2F358F2-CF72-4E87-BA5C-CD7058CF35D2}"
EndProject
Project("{9A19103F-16F7-4668-BE54-9A1E7A4F7556}") = "EventsEx6", "EventsEx6\EventsEx6.csproj", "{2F787833-F62B-4AB7-A37D-0BFFDDA24216}"
EndProject
Project("{9A19103F-16F7-4668-BE54-9A1E7A4F7556}") = "EventsEx7", "EventsEx7\EventsEx7.csproj", "{961D8121-F879-4ABD-B322-37998D5A0DE9}"
EndProject
Project("{9A19103F-16F7-4668-BE54-9A1E7A4F7556}") = "WinUI3AppDotNet", "WinUI3AppDotNet\WinUI3AppDotNet.csproj", "{D4FAD848-7ADE-4B7F-8565-17C555DC1173}"
EndProject
Project("{2150E333-8FDC-42A3-9474-1A3956D46DE8}") = "Chapter03", "Chapter03", "{3754B8CA-CA30-4DA0-80B8-CD80DBF005C2}"
EndProject
Project("{9A19103F-16F7-4668-BE54-9A1E7A4F7556}") = "LambdaExpressionEx1", "LambdaExpressionEx1\LambdaExpressionEx1.csproj", "{D1AF2738-8C9A-4C7E-A3A5-5DDE42C1253C}"
EndProject
Project("{9A19103F-16F7-4668-BE54-9A1E7A4F7556}") = "LambdaExpressionEx2", "LambdaExpressionEx2\LambdaExpressionEx2.csproj", "{89725886-1346-44D8-94B0-DC9BCA86B561}"
EndProject
Project("{9A19103F-16F7-4668-BE54-9A1E7A4F7556}") = "ExpressionBodiedMethodDemo", "ExpressionBodiedMethodDemo\ExpressionBodiedMethodDemo.csproj", "{F929549B-8C94-4F2E-99E1-FCE369AED5CB}"
EndProject
Project("{9A19103F-16F7-4668-BE54-9A1E7A4F7556}") = "ExpressionBodiedPropertiesDemo", "ExpressionBodiedPropertiesDemo\ExpressionBodiedPropertiesDemo.csproj", "{B775C18A-0E9F-4EA5-8344-34D21ABAA063}"
EndProject
Project("{9A19103F-16F7-4668-BE54-9A1E7A4F7556}") = "TestingLocalVariableScopeUsingLambdaExpression", "TestingLocalVariableScopeUsingLambdaExpression\TestingLocalVariableScopeUsingLambdaExpression.csproj", "{111B0AA5-D960-49BB-9E33-0F1D551C1B0D}"
EndProject
Project("{9A19103F-16F7-4668-BE54-9A1E7A4F7556}") = "UsingTuplesInLambdaExpressions", "UsingTuplesInLambdaExpressions\UsingTuplesInLambdaExpressions.csproj", "{5FE67EC2-C6BA-4E14-9E53-AF3136A14DC5}"
EndProject
Project("{9A19103F-16F7-4668-BE54-9A1E7A4F7556}") = "UsingEventsAndLambdaExpressions", "UsingEventsAndLambdaExpressions\UsingEventsAndLambdaExpressions.csproj", "{7974B142-9E17-45FB-97A6-3F6951A8DD9A}"
EndProject
Project("{2150E333-8FDC-42A3-9474-1A3956D46DE8}") = "Chapter04", "Chapter04", "{75E0FDCE-20F5-4BCE-BADA-2D7C912B9223}"
EndProject
Project("{9A19103F-16F7-4668-BE54-9A1E7A4F7556}") = "NonGenericProgramDemo1", "NonGenericProgramDemo1\NonGenericProgramDemo1.csproj", "{641EDDD0-C3F7-4E5D-B5CB-992D92DD3F9C}"
EndProject
Project("{9A19103F-16F7-4668-BE54-9A1E7A4F7556}") = "GenericProgramDemo1", "GenericProgramDemo1\GenericProgramDemo1.csproj", "{08352D6B-FC35-48CE-BFCE-2EE3786E51EB}"
EndProject
Project("{9A19103F-16F7-4668-BE54-9A1E7A4F7556}") = "NonGenericProgram2", "NonGenericProgram2\NonGenericProgram2.csproj", "{86E624A4-10A1-4C42-944E-091FB87631EE}"
EndProject
Project("{9A19103F-16F7-4668-BE54-9A1E7A4F7556}") = "GenericProgramDemo2", "GenericProgramDemo2\GenericProgramDemo2.csproj", "{28999895-9FD8-4883-B709-E48FDF4977D6}"
EndProject
Project("{9A19103F-16F7-4668-BE54-9A1E7A4F7556}") = "GenericDelegatesDemo", "GenericDelegatesDemo\GenericDelegatesDemo.csproj", "{D70254A2-E695-4F48-B159-AAD34F9C4011}"
EndProject
Project("{9A19103F-16F7-4668-BE54-9A1E7A4F7556}") = "UsingDefaultKeywordInGenerics", "UsingDefaultKeywordGenerics\UsingDefaultKeywordInGenerics.csproj", "{4F49A0CB-93BB-428C-874D-A391AD8A9EA4}"
EndProject
Project("{9A19103F-16F7-4668-BE54-9A1E7A4F7556}") = "ImplementGenericInterface", "ImplementGenericInterface\ImplementGenericInterface.csproj", "{BBEC92D5-86E0-4A66-8378-D42561C028C8}"
EndProject
Project("{9A19103F-16F7-4668-BE54-9A1E7A4F7556}") = "UsingConstraintsInGenerics", "UsingConstraintsInGenerics\UsingConstraintsInGenerics.csproj", "{68F86098-BDC1-453A-A207-A87CA6D10284}"
EndProject
Project("{9A19103F-16F7-4668-BE54-9A1E7A4F7556}") = "CovarianceWithGenericDelegates", "CovarianceWithGenericDelegates\CovarianceWithGenericDelegates.csproj", "{4F0A647C-83AA-49CB-8E95-5B7D8A9D503C}"
EndProject
Project("{9A19103F-16F7-4668-BE54-9A1E7A4F7556}") = "CovarianceWithGenericInterface", "CovarianceWithGenericInterface\CovarianceWithGenericInterface.csproj", "{082026A1-957C-4B2D-A5D1-EA50D142AB9F}"
EndProject
Project("{9A19103F-16F7-4668-BE54-9A1E7A4F7556}") = "ContravarianceWithGenericDelegates", "ContravarianceWithGenericDelegates\ContravarianceWithGenericDelegates.csproj", "{6490A72D-ECCF-4D5A-A1C1-3366C8E3B234}"
EndProject
Project("{9A19103F-16F7-4668-BE54-9A1E7A4F7556}") = "MethodOverridingDemo", "MethodOverridingDemo\MethodOverridingDemo.csproj", "{9753CAEE-88CB-4CA2-8ACD-9D5122FFBD91}"
EndProject
Project("{9A19103F-16F7-4668-BE54-9A1E7A4F7556}") = "MethodOverloadingDemo", "MethodOverloadingDemo\MethodOverloadingDemo.csproj", "{6B6AB72C-65F6-4E50-8050-E65DB8A72C4D}"
EndProject
Project("{9A19103F-16F7-4668-BE54-9A1E7A4F7556}") = "SelfReferencingGenericTypeDemo", "SelfReferencingGenericTypeDemo\SelfReferencingGenericTypeDemo.csproj", "{64CA42BE-8170-4FC0-97CB-19CF63F370B0}"
EndProject
Project("{9A19103F-16F7-4668-BE54-9A1E7A4F7556}") = "TestingStaticData", "TestingStaticData\TestingStaticData.csproj", "{A68E1279-49B0-41EA-A1B7-B88433CD61BD}"
EndProject
Project("{2150E333-8FDC-42A3-9474-1A3956D46DE8}") = "Chapter05", "Chapter05", "{A153F84A-1C43-45EA-9713-2CF72A3955A5}"
EndProject
Project("{9A19103F-16F7-4668-BE54-9A1E7A4F7556}") = "ThreadProgrammingExample1", "ThreadOrogrammingExample1\ThreadProgrammingExample1.csproj", "{FCC0BA72-563F-4C22-A0CA-5A6222AA6F53}"
EndProject
Project("{9A19103F-16F7-4668-BE54-9A1E7A4F7556}") = "ThreadProgrammingExample2", "ThreadProgrammingExample2\ThreadProgrammingExample2.csproj", "{5218CD8D-A092-4579-AC7D-1F6AD79CFC6A}"
EndProject
Project("{9A19103F-16F7-4668-BE54-9A1E7A4F7556}") = "UsingParameterizedThreadStartDelegste", "UsingParameterizedThreadStartDelegste\UsingParameterizedThreadStartDelegste.csproj", "{375F6F78-5040-4A16-999D-25C698A88826}"
EndProject
Project("{9A19103F-16F7-4668-BE54-9A1E7A4F7556}") = "ThreadProgrammingExample4", "ThreadProgrammingExample4\ThreadProgrammingExample4.csproj", "{020AC927-3CB3-4259-9D73-8E1EE1C9B08F}"
EndProject
Project("{9A19103F-16F7-4668-BE54-9A1E7A4F7556}") = "ThreadProgrammingExample5", "ThreadProgrammingExample5\ThreadProgrammingExample5.csproj", "{60C269D2-9676-41F5-B8DC-26BD27AF3DB7}"
EndProject
Project("{9A19103F-16F7-4668-BE54-9A1E7A4F7556}") = "UsingMainThread", "UsingMainThread\UsingMainThread.csproj", "{CEE2709F-02BE-4CF9-91CC-8942A9D50FE7}"
EndProject
Project("{9A19103F-16F7-4668-BE54-9A1E7A4F7556}") = "TestingBackgroundThreads", "TestingBackgroundThreads\TestingBackgroundThreads.csproj", "{0C23EC67-DC96-4412-BBA4-07A22008D58C}"
EndProject
Project("{FAE04EC0-301F-11D3-BF4B-00C04F79EFBC}") = "ExploringTheNeedForSynchronizationInDotNetCore", "ExploringTheNeedForSynchronizationInDotNetCore\ExploringTheNeedForSynchronizationInDotNetCore.csproj", "{3F5F08E7-1A20-4D92-95A4-98498238DCAD}"
EndProject
Project("{FAE04EC0-301F-11D3-BF4B-00C04F79EFBC}") = "SynchronizationDemoInDotNetCore", "SynchronizationDemoInDotNetCore\SynchronizationDemoInDotNetCore.csproj", "{60C9C1FD-2A47-4358-9D0F-FAF2787FF595}"
EndProject
Project("{FAE04EC0-301F-11D3-BF4B-00C04F79EFBC}") = "DeadlockDemoInDotNetCore", "DeadlockDemoInDotNetCore\DeadlockDemoInDotNetCore.csproj", "{B866BBC1-9FAB-41B0-ABE4-B7F6C409CA86}"
EndProject
Global
	GlobalSection(SolutionConfigurationPlatforms) = preSolution
		Debug|Any CPU = Debug|Any CPU
		Debug|arm64 = Debug|arm64
		Debug|x64 = Debug|x64
		Debug|x86 = Debug|x86
		Release|Any CPU = Release|Any CPU
		Release|arm64 = Release|arm64
		Release|x64 = Release|x64
		Release|x86 = Release|x86
	EndGlobalSection
	GlobalSection(ProjectConfigurationPlatforms) = postSolution
		{8862C1E7-FEBF-43FC-A7EE-609EAB7C7CCB}.Debug|Any CPU.ActiveCfg = Debug|Any CPU
		{8862C1E7-FEBF-43FC-A7EE-609EAB7C7CCB}.Debug|Any CPU.Build.0 = Debug|Any CPU
		{8862C1E7-FEBF-43FC-A7EE-609EAB7C7CCB}.Debug|arm64.ActiveCfg = Debug|Any CPU
		{8862C1E7-FEBF-43FC-A7EE-609EAB7C7CCB}.Debug|arm64.Build.0 = Debug|Any CPU
		{8862C1E7-FEBF-43FC-A7EE-609EAB7C7CCB}.Debug|x64.ActiveCfg = Debug|Any CPU
		{8862C1E7-FEBF-43FC-A7EE-609EAB7C7CCB}.Debug|x64.Build.0 = Debug|Any CPU
		{8862C1E7-FEBF-43FC-A7EE-609EAB7C7CCB}.Debug|x86.ActiveCfg = Debug|Any CPU
		{8862C1E7-FEBF-43FC-A7EE-609EAB7C7CCB}.Debug|x86.Build.0 = Debug|Any CPU
		{8862C1E7-FEBF-43FC-A7EE-609EAB7C7CCB}.Release|Any CPU.ActiveCfg = Release|Any CPU
		{8862C1E7-FEBF-43FC-A7EE-609EAB7C7CCB}.Release|Any CPU.Build.0 = Release|Any CPU
		{8862C1E7-FEBF-43FC-A7EE-609EAB7C7CCB}.Release|arm64.ActiveCfg = Release|Any CPU
		{8862C1E7-FEBF-43FC-A7EE-609EAB7C7CCB}.Release|arm64.Build.0 = Release|Any CPU
		{8862C1E7-FEBF-43FC-A7EE-609EAB7C7CCB}.Release|x64.ActiveCfg = Release|Any CPU
		{8862C1E7-FEBF-43FC-A7EE-609EAB7C7CCB}.Release|x64.Build.0 = Release|Any CPU
		{8862C1E7-FEBF-43FC-A7EE-609EAB7C7CCB}.Release|x86.ActiveCfg = Release|Any CPU
		{8862C1E7-FEBF-43FC-A7EE-609EAB7C7CCB}.Release|x86.Build.0 = Release|Any CPU
		{D66B42C1-56C8-41FA-9D34-FB144FD4AC42}.Debug|Any CPU.ActiveCfg = Debug|Any CPU
		{D66B42C1-56C8-41FA-9D34-FB144FD4AC42}.Debug|Any CPU.Build.0 = Debug|Any CPU
		{D66B42C1-56C8-41FA-9D34-FB144FD4AC42}.Debug|arm64.ActiveCfg = Debug|Any CPU
		{D66B42C1-56C8-41FA-9D34-FB144FD4AC42}.Debug|arm64.Build.0 = Debug|Any CPU
		{D66B42C1-56C8-41FA-9D34-FB144FD4AC42}.Debug|x64.ActiveCfg = Debug|Any CPU
		{D66B42C1-56C8-41FA-9D34-FB144FD4AC42}.Debug|x64.Build.0 = Debug|Any CPU
		{D66B42C1-56C8-41FA-9D34-FB144FD4AC42}.Debug|x86.ActiveCfg = Debug|Any CPU
		{D66B42C1-56C8-41FA-9D34-FB144FD4AC42}.Debug|x86.Build.0 = Debug|Any CPU
		{D66B42C1-56C8-41FA-9D34-FB144FD4AC42}.Release|Any CPU.ActiveCfg = Release|Any CPU
		{D66B42C1-56C8-41FA-9D34-FB144FD4AC42}.Release|Any CPU.Build.0 = Release|Any CPU
		{D66B42C1-56C8-41FA-9D34-FB144FD4AC42}.Release|arm64.ActiveCfg = Release|Any CPU
		{D66B42C1-56C8-41FA-9D34-FB144FD4AC42}.Release|arm64.Build.0 = Release|Any CPU
		{D66B42C1-56C8-41FA-9D34-FB144FD4AC42}.Release|x64.ActiveCfg = Release|Any CPU
		{D66B42C1-56C8-41FA-9D34-FB144FD4AC42}.Release|x64.Build.0 = Release|Any CPU
		{D66B42C1-56C8-41FA-9D34-FB144FD4AC42}.Release|x86.ActiveCfg = Release|Any CPU
		{D66B42C1-56C8-41FA-9D34-FB144FD4AC42}.Release|x86.Build.0 = Release|Any CPU
		{D7A86EDD-BFEE-4A00-992C-830AA0A6D20D}.Debug|Any CPU.ActiveCfg = Debug|Any CPU
		{D7A86EDD-BFEE-4A00-992C-830AA0A6D20D}.Debug|Any CPU.Build.0 = Debug|Any CPU
		{D7A86EDD-BFEE-4A00-992C-830AA0A6D20D}.Debug|arm64.ActiveCfg = Debug|Any CPU
		{D7A86EDD-BFEE-4A00-992C-830AA0A6D20D}.Debug|arm64.Build.0 = Debug|Any CPU
		{D7A86EDD-BFEE-4A00-992C-830AA0A6D20D}.Debug|x64.ActiveCfg = Debug|Any CPU
		{D7A86EDD-BFEE-4A00-992C-830AA0A6D20D}.Debug|x64.Build.0 = Debug|Any CPU
		{D7A86EDD-BFEE-4A00-992C-830AA0A6D20D}.Debug|x86.ActiveCfg = Debug|Any CPU
		{D7A86EDD-BFEE-4A00-992C-830AA0A6D20D}.Debug|x86.Build.0 = Debug|Any CPU
		{D7A86EDD-BFEE-4A00-992C-830AA0A6D20D}.Release|Any CPU.ActiveCfg = Release|Any CPU
		{D7A86EDD-BFEE-4A00-992C-830AA0A6D20D}.Release|Any CPU.Build.0 = Release|Any CPU
		{D7A86EDD-BFEE-4A00-992C-830AA0A6D20D}.Release|arm64.ActiveCfg = Release|Any CPU
		{D7A86EDD-BFEE-4A00-992C-830AA0A6D20D}.Release|arm64.Build.0 = Release|Any CPU
		{D7A86EDD-BFEE-4A00-992C-830AA0A6D20D}.Release|x64.ActiveCfg = Release|Any CPU
		{D7A86EDD-BFEE-4A00-992C-830AA0A6D20D}.Release|x64.Build.0 = Release|Any CPU
		{D7A86EDD-BFEE-4A00-992C-830AA0A6D20D}.Release|x86.ActiveCfg = Release|Any CPU
		{D7A86EDD-BFEE-4A00-992C-830AA0A6D20D}.Release|x86.Build.0 = Release|Any CPU
		{0791A4A8-8174-423A-8A89-CD97103B877F}.Debug|Any CPU.ActiveCfg = Debug|Any CPU
		{0791A4A8-8174-423A-8A89-CD97103B877F}.Debug|Any CPU.Build.0 = Debug|Any CPU
		{0791A4A8-8174-423A-8A89-CD97103B877F}.Debug|arm64.ActiveCfg = Debug|Any CPU
		{0791A4A8-8174-423A-8A89-CD97103B877F}.Debug|arm64.Build.0 = Debug|Any CPU
		{0791A4A8-8174-423A-8A89-CD97103B877F}.Debug|x64.ActiveCfg = Debug|Any CPU
		{0791A4A8-8174-423A-8A89-CD97103B877F}.Debug|x64.Build.0 = Debug|Any CPU
		{0791A4A8-8174-423A-8A89-CD97103B877F}.Debug|x86.ActiveCfg = Debug|Any CPU
		{0791A4A8-8174-423A-8A89-CD97103B877F}.Debug|x86.Build.0 = Debug|Any CPU
		{0791A4A8-8174-423A-8A89-CD97103B877F}.Release|Any CPU.ActiveCfg = Release|Any CPU
		{0791A4A8-8174-423A-8A89-CD97103B877F}.Release|Any CPU.Build.0 = Release|Any CPU
		{0791A4A8-8174-423A-8A89-CD97103B877F}.Release|arm64.ActiveCfg = Release|Any CPU
		{0791A4A8-8174-423A-8A89-CD97103B877F}.Release|arm64.Build.0 = Release|Any CPU
		{0791A4A8-8174-423A-8A89-CD97103B877F}.Release|x64.ActiveCfg = Release|Any CPU
		{0791A4A8-8174-423A-8A89-CD97103B877F}.Release|x64.Build.0 = Release|Any CPU
		{0791A4A8-8174-423A-8A89-CD97103B877F}.Release|x86.ActiveCfg = Release|Any CPU
		{0791A4A8-8174-423A-8A89-CD97103B877F}.Release|x86.Build.0 = Release|Any CPU
		{272045BE-3BFB-47FE-BB46-92A3558D2183}.Debug|Any CPU.ActiveCfg = Debug|Any CPU
		{272045BE-3BFB-47FE-BB46-92A3558D2183}.Debug|Any CPU.Build.0 = Debug|Any CPU
		{272045BE-3BFB-47FE-BB46-92A3558D2183}.Debug|arm64.ActiveCfg = Debug|Any CPU
		{272045BE-3BFB-47FE-BB46-92A3558D2183}.Debug|arm64.Build.0 = Debug|Any CPU
		{272045BE-3BFB-47FE-BB46-92A3558D2183}.Debug|x64.ActiveCfg = Debug|Any CPU
		{272045BE-3BFB-47FE-BB46-92A3558D2183}.Debug|x64.Build.0 = Debug|Any CPU
		{272045BE-3BFB-47FE-BB46-92A3558D2183}.Debug|x86.ActiveCfg = Debug|Any CPU
		{272045BE-3BFB-47FE-BB46-92A3558D2183}.Debug|x86.Build.0 = Debug|Any CPU
		{272045BE-3BFB-47FE-BB46-92A3558D2183}.Release|Any CPU.ActiveCfg = Release|Any CPU
		{272045BE-3BFB-47FE-BB46-92A3558D2183}.Release|Any CPU.Build.0 = Release|Any CPU
		{272045BE-3BFB-47FE-BB46-92A3558D2183}.Release|arm64.ActiveCfg = Release|Any CPU
		{272045BE-3BFB-47FE-BB46-92A3558D2183}.Release|arm64.Build.0 = Release|Any CPU
		{272045BE-3BFB-47FE-BB46-92A3558D2183}.Release|x64.ActiveCfg = Release|Any CPU
		{272045BE-3BFB-47FE-BB46-92A3558D2183}.Release|x64.Build.0 = Release|Any CPU
		{272045BE-3BFB-47FE-BB46-92A3558D2183}.Release|x86.ActiveCfg = Release|Any CPU
		{272045BE-3BFB-47FE-BB46-92A3558D2183}.Release|x86.Build.0 = Release|Any CPU
		{2BA27EA3-B0B6-46E5-91A2-E0235C487BCA}.Debug|Any CPU.ActiveCfg = Debug|Any CPU
		{2BA27EA3-B0B6-46E5-91A2-E0235C487BCA}.Debug|Any CPU.Build.0 = Debug|Any CPU
		{2BA27EA3-B0B6-46E5-91A2-E0235C487BCA}.Debug|arm64.ActiveCfg = Debug|Any CPU
		{2BA27EA3-B0B6-46E5-91A2-E0235C487BCA}.Debug|arm64.Build.0 = Debug|Any CPU
		{2BA27EA3-B0B6-46E5-91A2-E0235C487BCA}.Debug|x64.ActiveCfg = Debug|Any CPU
		{2BA27EA3-B0B6-46E5-91A2-E0235C487BCA}.Debug|x64.Build.0 = Debug|Any CPU
		{2BA27EA3-B0B6-46E5-91A2-E0235C487BCA}.Debug|x86.ActiveCfg = Debug|Any CPU
		{2BA27EA3-B0B6-46E5-91A2-E0235C487BCA}.Debug|x86.Build.0 = Debug|Any CPU
		{2BA27EA3-B0B6-46E5-91A2-E0235C487BCA}.Release|Any CPU.ActiveCfg = Release|Any CPU
		{2BA27EA3-B0B6-46E5-91A2-E0235C487BCA}.Release|Any CPU.Build.0 = Release|Any CPU
		{2BA27EA3-B0B6-46E5-91A2-E0235C487BCA}.Release|arm64.ActiveCfg = Release|Any CPU
		{2BA27EA3-B0B6-46E5-91A2-E0235C487BCA}.Release|arm64.Build.0 = Release|Any CPU
		{2BA27EA3-B0B6-46E5-91A2-E0235C487BCA}.Release|x64.ActiveCfg = Release|Any CPU
		{2BA27EA3-B0B6-46E5-91A2-E0235C487BCA}.Release|x64.Build.0 = Release|Any CPU
		{2BA27EA3-B0B6-46E5-91A2-E0235C487BCA}.Release|x86.ActiveCfg = Release|Any CPU
		{2BA27EA3-B0B6-46E5-91A2-E0235C487BCA}.Release|x86.Build.0 = Release|Any CPU
		{DDC02381-8CF6-420F-9B7C-6144B80D5C6D}.Debug|Any CPU.ActiveCfg = Debug|Any CPU
		{DDC02381-8CF6-420F-9B7C-6144B80D5C6D}.Debug|Any CPU.Build.0 = Debug|Any CPU
		{DDC02381-8CF6-420F-9B7C-6144B80D5C6D}.Debug|arm64.ActiveCfg = Debug|Any CPU
		{DDC02381-8CF6-420F-9B7C-6144B80D5C6D}.Debug|arm64.Build.0 = Debug|Any CPU
		{DDC02381-8CF6-420F-9B7C-6144B80D5C6D}.Debug|x64.ActiveCfg = Debug|Any CPU
		{DDC02381-8CF6-420F-9B7C-6144B80D5C6D}.Debug|x64.Build.0 = Debug|Any CPU
		{DDC02381-8CF6-420F-9B7C-6144B80D5C6D}.Debug|x86.ActiveCfg = Debug|Any CPU
		{DDC02381-8CF6-420F-9B7C-6144B80D5C6D}.Debug|x86.Build.0 = Debug|Any CPU
		{DDC02381-8CF6-420F-9B7C-6144B80D5C6D}.Release|Any CPU.ActiveCfg = Release|Any CPU
		{DDC02381-8CF6-420F-9B7C-6144B80D5C6D}.Release|Any CPU.Build.0 = Release|Any CPU
		{DDC02381-8CF6-420F-9B7C-6144B80D5C6D}.Release|arm64.ActiveCfg = Release|Any CPU
		{DDC02381-8CF6-420F-9B7C-6144B80D5C6D}.Release|arm64.Build.0 = Release|Any CPU
		{DDC02381-8CF6-420F-9B7C-6144B80D5C6D}.Release|x64.ActiveCfg = Release|Any CPU
		{DDC02381-8CF6-420F-9B7C-6144B80D5C6D}.Release|x64.Build.0 = Release|Any CPU
		{DDC02381-8CF6-420F-9B7C-6144B80D5C6D}.Release|x86.ActiveCfg = Release|Any CPU
		{DDC02381-8CF6-420F-9B7C-6144B80D5C6D}.Release|x86.Build.0 = Release|Any CPU
		{F3CCD53B-8FF7-47B0-BFF2-131403048F0B}.Debug|Any CPU.ActiveCfg = Debug|Any CPU
		{F3CCD53B-8FF7-47B0-BFF2-131403048F0B}.Debug|Any CPU.Build.0 = Debug|Any CPU
		{F3CCD53B-8FF7-47B0-BFF2-131403048F0B}.Debug|arm64.ActiveCfg = Debug|Any CPU
		{F3CCD53B-8FF7-47B0-BFF2-131403048F0B}.Debug|arm64.Build.0 = Debug|Any CPU
		{F3CCD53B-8FF7-47B0-BFF2-131403048F0B}.Debug|x64.ActiveCfg = Debug|Any CPU
		{F3CCD53B-8FF7-47B0-BFF2-131403048F0B}.Debug|x64.Build.0 = Debug|Any CPU
		{F3CCD53B-8FF7-47B0-BFF2-131403048F0B}.Debug|x86.ActiveCfg = Debug|Any CPU
		{F3CCD53B-8FF7-47B0-BFF2-131403048F0B}.Debug|x86.Build.0 = Debug|Any CPU
		{F3CCD53B-8FF7-47B0-BFF2-131403048F0B}.Release|Any CPU.ActiveCfg = Release|Any CPU
		{F3CCD53B-8FF7-47B0-BFF2-131403048F0B}.Release|Any CPU.Build.0 = Release|Any CPU
		{F3CCD53B-8FF7-47B0-BFF2-131403048F0B}.Release|arm64.ActiveCfg = Release|Any CPU
		{F3CCD53B-8FF7-47B0-BFF2-131403048F0B}.Release|arm64.Build.0 = Release|Any CPU
		{F3CCD53B-8FF7-47B0-BFF2-131403048F0B}.Release|x64.ActiveCfg = Release|Any CPU
		{F3CCD53B-8FF7-47B0-BFF2-131403048F0B}.Release|x64.Build.0 = Release|Any CPU
		{F3CCD53B-8FF7-47B0-BFF2-131403048F0B}.Release|x86.ActiveCfg = Release|Any CPU
		{F3CCD53B-8FF7-47B0-BFF2-131403048F0B}.Release|x86.Build.0 = Release|Any CPU
		{20FF892B-278A-455B-ADEA-59CD400B3257}.Debug|Any CPU.ActiveCfg = Debug|Any CPU
		{20FF892B-278A-455B-ADEA-59CD400B3257}.Debug|Any CPU.Build.0 = Debug|Any CPU
		{20FF892B-278A-455B-ADEA-59CD400B3257}.Debug|arm64.ActiveCfg = Debug|Any CPU
		{20FF892B-278A-455B-ADEA-59CD400B3257}.Debug|arm64.Build.0 = Debug|Any CPU
		{20FF892B-278A-455B-ADEA-59CD400B3257}.Debug|x64.ActiveCfg = Debug|Any CPU
		{20FF892B-278A-455B-ADEA-59CD400B3257}.Debug|x64.Build.0 = Debug|Any CPU
		{20FF892B-278A-455B-ADEA-59CD400B3257}.Debug|x86.ActiveCfg = Debug|Any CPU
		{20FF892B-278A-455B-ADEA-59CD400B3257}.Debug|x86.Build.0 = Debug|Any CPU
		{20FF892B-278A-455B-ADEA-59CD400B3257}.Release|Any CPU.ActiveCfg = Release|Any CPU
		{20FF892B-278A-455B-ADEA-59CD400B3257}.Release|Any CPU.Build.0 = Release|Any CPU
		{20FF892B-278A-455B-ADEA-59CD400B3257}.Release|arm64.ActiveCfg = Release|Any CPU
		{20FF892B-278A-455B-ADEA-59CD400B3257}.Release|arm64.Build.0 = Release|Any CPU
		{20FF892B-278A-455B-ADEA-59CD400B3257}.Release|x64.ActiveCfg = Release|Any CPU
		{20FF892B-278A-455B-ADEA-59CD400B3257}.Release|x64.Build.0 = Release|Any CPU
		{20FF892B-278A-455B-ADEA-59CD400B3257}.Release|x86.ActiveCfg = Release|Any CPU
		{20FF892B-278A-455B-ADEA-59CD400B3257}.Release|x86.Build.0 = Release|Any CPU
		{383C8074-F5A4-43A3-A473-57929AD86F37}.Debug|Any CPU.ActiveCfg = Debug|Any CPU
		{383C8074-F5A4-43A3-A473-57929AD86F37}.Debug|Any CPU.Build.0 = Debug|Any CPU
		{383C8074-F5A4-43A3-A473-57929AD86F37}.Debug|arm64.ActiveCfg = Debug|Any CPU
		{383C8074-F5A4-43A3-A473-57929AD86F37}.Debug|arm64.Build.0 = Debug|Any CPU
		{383C8074-F5A4-43A3-A473-57929AD86F37}.Debug|x64.ActiveCfg = Debug|Any CPU
		{383C8074-F5A4-43A3-A473-57929AD86F37}.Debug|x64.Build.0 = Debug|Any CPU
		{383C8074-F5A4-43A3-A473-57929AD86F37}.Debug|x86.ActiveCfg = Debug|Any CPU
		{383C8074-F5A4-43A3-A473-57929AD86F37}.Debug|x86.Build.0 = Debug|Any CPU
		{383C8074-F5A4-43A3-A473-57929AD86F37}.Release|Any CPU.ActiveCfg = Release|Any CPU
		{383C8074-F5A4-43A3-A473-57929AD86F37}.Release|Any CPU.Build.0 = Release|Any CPU
		{383C8074-F5A4-43A3-A473-57929AD86F37}.Release|arm64.ActiveCfg = Release|Any CPU
		{383C8074-F5A4-43A3-A473-57929AD86F37}.Release|arm64.Build.0 = Release|Any CPU
		{383C8074-F5A4-43A3-A473-57929AD86F37}.Release|x64.ActiveCfg = Release|Any CPU
		{383C8074-F5A4-43A3-A473-57929AD86F37}.Release|x64.Build.0 = Release|Any CPU
		{383C8074-F5A4-43A3-A473-57929AD86F37}.Release|x86.ActiveCfg = Release|Any CPU
		{383C8074-F5A4-43A3-A473-57929AD86F37}.Release|x86.Build.0 = Release|Any CPU
		{ECFA26FA-E8F1-478B-A3D7-5DF81726A697}.Debug|Any CPU.ActiveCfg = Debug|Any CPU
		{ECFA26FA-E8F1-478B-A3D7-5DF81726A697}.Debug|Any CPU.Build.0 = Debug|Any CPU
		{ECFA26FA-E8F1-478B-A3D7-5DF81726A697}.Debug|arm64.ActiveCfg = Debug|Any CPU
		{ECFA26FA-E8F1-478B-A3D7-5DF81726A697}.Debug|arm64.Build.0 = Debug|Any CPU
		{ECFA26FA-E8F1-478B-A3D7-5DF81726A697}.Debug|x64.ActiveCfg = Debug|Any CPU
		{ECFA26FA-E8F1-478B-A3D7-5DF81726A697}.Debug|x64.Build.0 = Debug|Any CPU
		{ECFA26FA-E8F1-478B-A3D7-5DF81726A697}.Debug|x86.ActiveCfg = Debug|Any CPU
		{ECFA26FA-E8F1-478B-A3D7-5DF81726A697}.Debug|x86.Build.0 = Debug|Any CPU
		{ECFA26FA-E8F1-478B-A3D7-5DF81726A697}.Release|Any CPU.ActiveCfg = Release|Any CPU
		{ECFA26FA-E8F1-478B-A3D7-5DF81726A697}.Release|Any CPU.Build.0 = Release|Any CPU
		{ECFA26FA-E8F1-478B-A3D7-5DF81726A697}.Release|arm64.ActiveCfg = Release|Any CPU
		{ECFA26FA-E8F1-478B-A3D7-5DF81726A697}.Release|arm64.Build.0 = Release|Any CPU
		{ECFA26FA-E8F1-478B-A3D7-5DF81726A697}.Release|x64.ActiveCfg = Release|Any CPU
		{ECFA26FA-E8F1-478B-A3D7-5DF81726A697}.Release|x64.Build.0 = Release|Any CPU
		{ECFA26FA-E8F1-478B-A3D7-5DF81726A697}.Release|x86.ActiveCfg = Release|Any CPU
		{ECFA26FA-E8F1-478B-A3D7-5DF81726A697}.Release|x86.Build.0 = Release|Any CPU
		{522C5FA9-50BE-46D0-AF91-267D46346DB4}.Debug|Any CPU.ActiveCfg = Debug|Any CPU
		{522C5FA9-50BE-46D0-AF91-267D46346DB4}.Debug|Any CPU.Build.0 = Debug|Any CPU
		{522C5FA9-50BE-46D0-AF91-267D46346DB4}.Debug|arm64.ActiveCfg = Debug|Any CPU
		{522C5FA9-50BE-46D0-AF91-267D46346DB4}.Debug|arm64.Build.0 = Debug|Any CPU
		{522C5FA9-50BE-46D0-AF91-267D46346DB4}.Debug|x64.ActiveCfg = Debug|Any CPU
		{522C5FA9-50BE-46D0-AF91-267D46346DB4}.Debug|x64.Build.0 = Debug|Any CPU
		{522C5FA9-50BE-46D0-AF91-267D46346DB4}.Debug|x86.ActiveCfg = Debug|Any CPU
		{522C5FA9-50BE-46D0-AF91-267D46346DB4}.Debug|x86.Build.0 = Debug|Any CPU
		{522C5FA9-50BE-46D0-AF91-267D46346DB4}.Release|Any CPU.ActiveCfg = Release|Any CPU
		{522C5FA9-50BE-46D0-AF91-267D46346DB4}.Release|Any CPU.Build.0 = Release|Any CPU
		{522C5FA9-50BE-46D0-AF91-267D46346DB4}.Release|arm64.ActiveCfg = Release|Any CPU
		{522C5FA9-50BE-46D0-AF91-267D46346DB4}.Release|arm64.Build.0 = Release|Any CPU
		{522C5FA9-50BE-46D0-AF91-267D46346DB4}.Release|x64.ActiveCfg = Release|Any CPU
		{522C5FA9-50BE-46D0-AF91-267D46346DB4}.Release|x64.Build.0 = Release|Any CPU
		{522C5FA9-50BE-46D0-AF91-267D46346DB4}.Release|x86.ActiveCfg = Release|Any CPU
		{522C5FA9-50BE-46D0-AF91-267D46346DB4}.Release|x86.Build.0 = Release|Any CPU
		{A2F358F2-CF72-4E87-BA5C-CD7058CF35D2}.Debug|Any CPU.ActiveCfg = Debug|Any CPU
		{A2F358F2-CF72-4E87-BA5C-CD7058CF35D2}.Debug|Any CPU.Build.0 = Debug|Any CPU
		{A2F358F2-CF72-4E87-BA5C-CD7058CF35D2}.Debug|arm64.ActiveCfg = Debug|Any CPU
		{A2F358F2-CF72-4E87-BA5C-CD7058CF35D2}.Debug|arm64.Build.0 = Debug|Any CPU
		{A2F358F2-CF72-4E87-BA5C-CD7058CF35D2}.Debug|x64.ActiveCfg = Debug|Any CPU
		{A2F358F2-CF72-4E87-BA5C-CD7058CF35D2}.Debug|x64.Build.0 = Debug|Any CPU
		{A2F358F2-CF72-4E87-BA5C-CD7058CF35D2}.Debug|x86.ActiveCfg = Debug|Any CPU
		{A2F358F2-CF72-4E87-BA5C-CD7058CF35D2}.Debug|x86.Build.0 = Debug|Any CPU
		{A2F358F2-CF72-4E87-BA5C-CD7058CF35D2}.Release|Any CPU.ActiveCfg = Release|Any CPU
		{A2F358F2-CF72-4E87-BA5C-CD7058CF35D2}.Release|Any CPU.Build.0 = Release|Any CPU
		{A2F358F2-CF72-4E87-BA5C-CD7058CF35D2}.Release|arm64.ActiveCfg = Release|Any CPU
		{A2F358F2-CF72-4E87-BA5C-CD7058CF35D2}.Release|arm64.Build.0 = Release|Any CPU
		{A2F358F2-CF72-4E87-BA5C-CD7058CF35D2}.Release|x64.ActiveCfg = Release|Any CPU
		{A2F358F2-CF72-4E87-BA5C-CD7058CF35D2}.Release|x64.Build.0 = Release|Any CPU
		{A2F358F2-CF72-4E87-BA5C-CD7058CF35D2}.Release|x86.ActiveCfg = Release|Any CPU
		{A2F358F2-CF72-4E87-BA5C-CD7058CF35D2}.Release|x86.Build.0 = Release|Any CPU
		{2F787833-F62B-4AB7-A37D-0BFFDDA24216}.Debug|Any CPU.ActiveCfg = Debug|Any CPU
		{2F787833-F62B-4AB7-A37D-0BFFDDA24216}.Debug|Any CPU.Build.0 = Debug|Any CPU
		{2F787833-F62B-4AB7-A37D-0BFFDDA24216}.Debug|arm64.ActiveCfg = Debug|Any CPU
		{2F787833-F62B-4AB7-A37D-0BFFDDA24216}.Debug|arm64.Build.0 = Debug|Any CPU
		{2F787833-F62B-4AB7-A37D-0BFFDDA24216}.Debug|x64.ActiveCfg = Debug|Any CPU
		{2F787833-F62B-4AB7-A37D-0BFFDDA24216}.Debug|x64.Build.0 = Debug|Any CPU
		{2F787833-F62B-4AB7-A37D-0BFFDDA24216}.Debug|x86.ActiveCfg = Debug|Any CPU
		{2F787833-F62B-4AB7-A37D-0BFFDDA24216}.Debug|x86.Build.0 = Debug|Any CPU
		{2F787833-F62B-4AB7-A37D-0BFFDDA24216}.Release|Any CPU.ActiveCfg = Release|Any CPU
		{2F787833-F62B-4AB7-A37D-0BFFDDA24216}.Release|Any CPU.Build.0 = Release|Any CPU
		{2F787833-F62B-4AB7-A37D-0BFFDDA24216}.Release|arm64.ActiveCfg = Release|Any CPU
		{2F787833-F62B-4AB7-A37D-0BFFDDA24216}.Release|arm64.Build.0 = Release|Any CPU
		{2F787833-F62B-4AB7-A37D-0BFFDDA24216}.Release|x64.ActiveCfg = Release|Any CPU
		{2F787833-F62B-4AB7-A37D-0BFFDDA24216}.Release|x64.Build.0 = Release|Any CPU
		{2F787833-F62B-4AB7-A37D-0BFFDDA24216}.Release|x86.ActiveCfg = Release|Any CPU
		{2F787833-F62B-4AB7-A37D-0BFFDDA24216}.Release|x86.Build.0 = Release|Any CPU
		{961D8121-F879-4ABD-B322-37998D5A0DE9}.Debug|Any CPU.ActiveCfg = Debug|Any CPU
		{961D8121-F879-4ABD-B322-37998D5A0DE9}.Debug|Any CPU.Build.0 = Debug|Any CPU
		{961D8121-F879-4ABD-B322-37998D5A0DE9}.Debug|arm64.ActiveCfg = Debug|Any CPU
		{961D8121-F879-4ABD-B322-37998D5A0DE9}.Debug|arm64.Build.0 = Debug|Any CPU
		{961D8121-F879-4ABD-B322-37998D5A0DE9}.Debug|x64.ActiveCfg = Debug|Any CPU
		{961D8121-F879-4ABD-B322-37998D5A0DE9}.Debug|x64.Build.0 = Debug|Any CPU
		{961D8121-F879-4ABD-B322-37998D5A0DE9}.Debug|x86.ActiveCfg = Debug|Any CPU
		{961D8121-F879-4ABD-B322-37998D5A0DE9}.Debug|x86.Build.0 = Debug|Any CPU
		{961D8121-F879-4ABD-B322-37998D5A0DE9}.Release|Any CPU.ActiveCfg = Release|Any CPU
		{961D8121-F879-4ABD-B322-37998D5A0DE9}.Release|Any CPU.Build.0 = Release|Any CPU
		{961D8121-F879-4ABD-B322-37998D5A0DE9}.Release|arm64.ActiveCfg = Release|Any CPU
		{961D8121-F879-4ABD-B322-37998D5A0DE9}.Release|arm64.Build.0 = Release|Any CPU
		{961D8121-F879-4ABD-B322-37998D5A0DE9}.Release|x64.ActiveCfg = Release|Any CPU
		{961D8121-F879-4ABD-B322-37998D5A0DE9}.Release|x64.Build.0 = Release|Any CPU
		{961D8121-F879-4ABD-B322-37998D5A0DE9}.Release|x86.ActiveCfg = Release|Any CPU
		{961D8121-F879-4ABD-B322-37998D5A0DE9}.Release|x86.Build.0 = Release|Any CPU
		{D4FAD848-7ADE-4B7F-8565-17C555DC1173}.Debug|Any CPU.ActiveCfg = Debug|Any CPU
		{D4FAD848-7ADE-4B7F-8565-17C555DC1173}.Debug|Any CPU.Build.0 = Debug|Any CPU
		{D4FAD848-7ADE-4B7F-8565-17C555DC1173}.Debug|Any CPU.Deploy.0 = Debug|Any CPU
		{D4FAD848-7ADE-4B7F-8565-17C555DC1173}.Debug|arm64.ActiveCfg = Debug|arm64
		{D4FAD848-7ADE-4B7F-8565-17C555DC1173}.Debug|arm64.Build.0 = Debug|arm64
		{D4FAD848-7ADE-4B7F-8565-17C555DC1173}.Debug|arm64.Deploy.0 = Debug|arm64
		{D4FAD848-7ADE-4B7F-8565-17C555DC1173}.Debug|x64.ActiveCfg = Debug|x64
		{D4FAD848-7ADE-4B7F-8565-17C555DC1173}.Debug|x64.Build.0 = Debug|x64
		{D4FAD848-7ADE-4B7F-8565-17C555DC1173}.Debug|x64.Deploy.0 = Debug|x64
		{D4FAD848-7ADE-4B7F-8565-17C555DC1173}.Debug|x86.ActiveCfg = Debug|x86
		{D4FAD848-7ADE-4B7F-8565-17C555DC1173}.Debug|x86.Build.0 = Debug|x86
		{D4FAD848-7ADE-4B7F-8565-17C555DC1173}.Debug|x86.Deploy.0 = Debug|x86
		{D4FAD848-7ADE-4B7F-8565-17C555DC1173}.Release|Any CPU.ActiveCfg = Release|x64
		{D4FAD848-7ADE-4B7F-8565-17C555DC1173}.Release|Any CPU.Build.0 = Release|x64
		{D4FAD848-7ADE-4B7F-8565-17C555DC1173}.Release|Any CPU.Deploy.0 = Release|x64
		{D4FAD848-7ADE-4B7F-8565-17C555DC1173}.Release|arm64.ActiveCfg = Release|arm64
		{D4FAD848-7ADE-4B7F-8565-17C555DC1173}.Release|arm64.Build.0 = Release|arm64
		{D4FAD848-7ADE-4B7F-8565-17C555DC1173}.Release|arm64.Deploy.0 = Release|arm64
		{D4FAD848-7ADE-4B7F-8565-17C555DC1173}.Release|x64.ActiveCfg = Release|x64
		{D4FAD848-7ADE-4B7F-8565-17C555DC1173}.Release|x64.Build.0 = Release|x64
		{D4FAD848-7ADE-4B7F-8565-17C555DC1173}.Release|x64.Deploy.0 = Release|x64
		{D4FAD848-7ADE-4B7F-8565-17C555DC1173}.Release|x86.ActiveCfg = Release|x86
		{D4FAD848-7ADE-4B7F-8565-17C555DC1173}.Release|x86.Build.0 = Release|x86
		{D4FAD848-7ADE-4B7F-8565-17C555DC1173}.Release|x86.Deploy.0 = Release|x86
		{D1AF2738-8C9A-4C7E-A3A5-5DDE42C1253C}.Debug|Any CPU.ActiveCfg = Debug|Any CPU
		{D1AF2738-8C9A-4C7E-A3A5-5DDE42C1253C}.Debug|Any CPU.Build.0 = Debug|Any CPU
		{D1AF2738-8C9A-4C7E-A3A5-5DDE42C1253C}.Debug|arm64.ActiveCfg = Debug|Any CPU
		{D1AF2738-8C9A-4C7E-A3A5-5DDE42C1253C}.Debug|arm64.Build.0 = Debug|Any CPU
		{D1AF2738-8C9A-4C7E-A3A5-5DDE42C1253C}.Debug|x64.ActiveCfg = Debug|Any CPU
		{D1AF2738-8C9A-4C7E-A3A5-5DDE42C1253C}.Debug|x64.Build.0 = Debug|Any CPU
		{D1AF2738-8C9A-4C7E-A3A5-5DDE42C1253C}.Debug|x86.ActiveCfg = Debug|Any CPU
		{D1AF2738-8C9A-4C7E-A3A5-5DDE42C1253C}.Debug|x86.Build.0 = Debug|Any CPU
		{D1AF2738-8C9A-4C7E-A3A5-5DDE42C1253C}.Release|Any CPU.ActiveCfg = Release|Any CPU
		{D1AF2738-8C9A-4C7E-A3A5-5DDE42C1253C}.Release|Any CPU.Build.0 = Release|Any CPU
		{D1AF2738-8C9A-4C7E-A3A5-5DDE42C1253C}.Release|arm64.ActiveCfg = Release|Any CPU
		{D1AF2738-8C9A-4C7E-A3A5-5DDE42C1253C}.Release|arm64.Build.0 = Release|Any CPU
		{D1AF2738-8C9A-4C7E-A3A5-5DDE42C1253C}.Release|x64.ActiveCfg = Release|Any CPU
		{D1AF2738-8C9A-4C7E-A3A5-5DDE42C1253C}.Release|x64.Build.0 = Release|Any CPU
		{D1AF2738-8C9A-4C7E-A3A5-5DDE42C1253C}.Release|x86.ActiveCfg = Release|Any CPU
		{D1AF2738-8C9A-4C7E-A3A5-5DDE42C1253C}.Release|x86.Build.0 = Release|Any CPU
		{89725886-1346-44D8-94B0-DC9BCA86B561}.Debug|Any CPU.ActiveCfg = Debug|Any CPU
		{89725886-1346-44D8-94B0-DC9BCA86B561}.Debug|Any CPU.Build.0 = Debug|Any CPU
		{89725886-1346-44D8-94B0-DC9BCA86B561}.Debug|arm64.ActiveCfg = Debug|Any CPU
		{89725886-1346-44D8-94B0-DC9BCA86B561}.Debug|arm64.Build.0 = Debug|Any CPU
		{89725886-1346-44D8-94B0-DC9BCA86B561}.Debug|x64.ActiveCfg = Debug|Any CPU
		{89725886-1346-44D8-94B0-DC9BCA86B561}.Debug|x64.Build.0 = Debug|Any CPU
		{89725886-1346-44D8-94B0-DC9BCA86B561}.Debug|x86.ActiveCfg = Debug|Any CPU
		{89725886-1346-44D8-94B0-DC9BCA86B561}.Debug|x86.Build.0 = Debug|Any CPU
		{89725886-1346-44D8-94B0-DC9BCA86B561}.Release|Any CPU.ActiveCfg = Release|Any CPU
		{89725886-1346-44D8-94B0-DC9BCA86B561}.Release|Any CPU.Build.0 = Release|Any CPU
		{89725886-1346-44D8-94B0-DC9BCA86B561}.Release|arm64.ActiveCfg = Release|Any CPU
		{89725886-1346-44D8-94B0-DC9BCA86B561}.Release|arm64.Build.0 = Release|Any CPU
		{89725886-1346-44D8-94B0-DC9BCA86B561}.Release|x64.ActiveCfg = Release|Any CPU
		{89725886-1346-44D8-94B0-DC9BCA86B561}.Release|x64.Build.0 = Release|Any CPU
		{89725886-1346-44D8-94B0-DC9BCA86B561}.Release|x86.ActiveCfg = Release|Any CPU
		{89725886-1346-44D8-94B0-DC9BCA86B561}.Release|x86.Build.0 = Release|Any CPU
		{F929549B-8C94-4F2E-99E1-FCE369AED5CB}.Debug|Any CPU.ActiveCfg = Debug|Any CPU
		{F929549B-8C94-4F2E-99E1-FCE369AED5CB}.Debug|Any CPU.Build.0 = Debug|Any CPU
		{F929549B-8C94-4F2E-99E1-FCE369AED5CB}.Debug|arm64.ActiveCfg = Debug|Any CPU
		{F929549B-8C94-4F2E-99E1-FCE369AED5CB}.Debug|arm64.Build.0 = Debug|Any CPU
		{F929549B-8C94-4F2E-99E1-FCE369AED5CB}.Debug|x64.ActiveCfg = Debug|Any CPU
		{F929549B-8C94-4F2E-99E1-FCE369AED5CB}.Debug|x64.Build.0 = Debug|Any CPU
		{F929549B-8C94-4F2E-99E1-FCE369AED5CB}.Debug|x86.ActiveCfg = Debug|Any CPU
		{F929549B-8C94-4F2E-99E1-FCE369AED5CB}.Debug|x86.Build.0 = Debug|Any CPU
		{F929549B-8C94-4F2E-99E1-FCE369AED5CB}.Release|Any CPU.ActiveCfg = Release|Any CPU
		{F929549B-8C94-4F2E-99E1-FCE369AED5CB}.Release|Any CPU.Build.0 = Release|Any CPU
		{F929549B-8C94-4F2E-99E1-FCE369AED5CB}.Release|arm64.ActiveCfg = Release|Any CPU
		{F929549B-8C94-4F2E-99E1-FCE369AED5CB}.Release|arm64.Build.0 = Release|Any CPU
		{F929549B-8C94-4F2E-99E1-FCE369AED5CB}.Release|x64.ActiveCfg = Release|Any CPU
		{F929549B-8C94-4F2E-99E1-FCE369AED5CB}.Release|x64.Build.0 = Release|Any CPU
		{F929549B-8C94-4F2E-99E1-FCE369AED5CB}.Release|x86.ActiveCfg = Release|Any CPU
		{F929549B-8C94-4F2E-99E1-FCE369AED5CB}.Release|x86.Build.0 = Release|Any CPU
		{B775C18A-0E9F-4EA5-8344-34D21ABAA063}.Debug|Any CPU.ActiveCfg = Debug|Any CPU
		{B775C18A-0E9F-4EA5-8344-34D21ABAA063}.Debug|Any CPU.Build.0 = Debug|Any CPU
		{B775C18A-0E9F-4EA5-8344-34D21ABAA063}.Debug|arm64.ActiveCfg = Debug|Any CPU
		{B775C18A-0E9F-4EA5-8344-34D21ABAA063}.Debug|arm64.Build.0 = Debug|Any CPU
		{B775C18A-0E9F-4EA5-8344-34D21ABAA063}.Debug|x64.ActiveCfg = Debug|Any CPU
		{B775C18A-0E9F-4EA5-8344-34D21ABAA063}.Debug|x64.Build.0 = Debug|Any CPU
		{B775C18A-0E9F-4EA5-8344-34D21ABAA063}.Debug|x86.ActiveCfg = Debug|Any CPU
		{B775C18A-0E9F-4EA5-8344-34D21ABAA063}.Debug|x86.Build.0 = Debug|Any CPU
		{B775C18A-0E9F-4EA5-8344-34D21ABAA063}.Release|Any CPU.ActiveCfg = Release|Any CPU
		{B775C18A-0E9F-4EA5-8344-34D21ABAA063}.Release|Any CPU.Build.0 = Release|Any CPU
		{B775C18A-0E9F-4EA5-8344-34D21ABAA063}.Release|arm64.ActiveCfg = Release|Any CPU
		{B775C18A-0E9F-4EA5-8344-34D21ABAA063}.Release|arm64.Build.0 = Release|Any CPU
		{B775C18A-0E9F-4EA5-8344-34D21ABAA063}.Release|x64.ActiveCfg = Release|Any CPU
		{B775C18A-0E9F-4EA5-8344-34D21ABAA063}.Release|x64.Build.0 = Release|Any CPU
		{B775C18A-0E9F-4EA5-8344-34D21ABAA063}.Release|x86.ActiveCfg = Release|Any CPU
		{B775C18A-0E9F-4EA5-8344-34D21ABAA063}.Release|x86.Build.0 = Release|Any CPU
		{111B0AA5-D960-49BB-9E33-0F1D551C1B0D}.Debug|Any CPU.ActiveCfg = Debug|Any CPU
		{111B0AA5-D960-49BB-9E33-0F1D551C1B0D}.Debug|Any CPU.Build.0 = Debug|Any CPU
		{111B0AA5-D960-49BB-9E33-0F1D551C1B0D}.Debug|arm64.ActiveCfg = Debug|Any CPU
		{111B0AA5-D960-49BB-9E33-0F1D551C1B0D}.Debug|arm64.Build.0 = Debug|Any CPU
		{111B0AA5-D960-49BB-9E33-0F1D551C1B0D}.Debug|x64.ActiveCfg = Debug|Any CPU
		{111B0AA5-D960-49BB-9E33-0F1D551C1B0D}.Debug|x64.Build.0 = Debug|Any CPU
		{111B0AA5-D960-49BB-9E33-0F1D551C1B0D}.Debug|x86.ActiveCfg = Debug|Any CPU
		{111B0AA5-D960-49BB-9E33-0F1D551C1B0D}.Debug|x86.Build.0 = Debug|Any CPU
		{111B0AA5-D960-49BB-9E33-0F1D551C1B0D}.Release|Any CPU.ActiveCfg = Release|Any CPU
		{111B0AA5-D960-49BB-9E33-0F1D551C1B0D}.Release|Any CPU.Build.0 = Release|Any CPU
		{111B0AA5-D960-49BB-9E33-0F1D551C1B0D}.Release|arm64.ActiveCfg = Release|Any CPU
		{111B0AA5-D960-49BB-9E33-0F1D551C1B0D}.Release|arm64.Build.0 = Release|Any CPU
		{111B0AA5-D960-49BB-9E33-0F1D551C1B0D}.Release|x64.ActiveCfg = Release|Any CPU
		{111B0AA5-D960-49BB-9E33-0F1D551C1B0D}.Release|x64.Build.0 = Release|Any CPU
		{111B0AA5-D960-49BB-9E33-0F1D551C1B0D}.Release|x86.ActiveCfg = Release|Any CPU
		{111B0AA5-D960-49BB-9E33-0F1D551C1B0D}.Release|x86.Build.0 = Release|Any CPU
		{5FE67EC2-C6BA-4E14-9E53-AF3136A14DC5}.Debug|Any CPU.ActiveCfg = Debug|Any CPU
		{5FE67EC2-C6BA-4E14-9E53-AF3136A14DC5}.Debug|Any CPU.Build.0 = Debug|Any CPU
		{5FE67EC2-C6BA-4E14-9E53-AF3136A14DC5}.Debug|arm64.ActiveCfg = Debug|Any CPU
		{5FE67EC2-C6BA-4E14-9E53-AF3136A14DC5}.Debug|arm64.Build.0 = Debug|Any CPU
		{5FE67EC2-C6BA-4E14-9E53-AF3136A14DC5}.Debug|x64.ActiveCfg = Debug|Any CPU
		{5FE67EC2-C6BA-4E14-9E53-AF3136A14DC5}.Debug|x64.Build.0 = Debug|Any CPU
		{5FE67EC2-C6BA-4E14-9E53-AF3136A14DC5}.Debug|x86.ActiveCfg = Debug|Any CPU
		{5FE67EC2-C6BA-4E14-9E53-AF3136A14DC5}.Debug|x86.Build.0 = Debug|Any CPU
		{5FE67EC2-C6BA-4E14-9E53-AF3136A14DC5}.Release|Any CPU.ActiveCfg = Release|Any CPU
		{5FE67EC2-C6BA-4E14-9E53-AF3136A14DC5}.Release|Any CPU.Build.0 = Release|Any CPU
		{5FE67EC2-C6BA-4E14-9E53-AF3136A14DC5}.Release|arm64.ActiveCfg = Release|Any CPU
		{5FE67EC2-C6BA-4E14-9E53-AF3136A14DC5}.Release|arm64.Build.0 = Release|Any CPU
		{5FE67EC2-C6BA-4E14-9E53-AF3136A14DC5}.Release|x64.ActiveCfg = Release|Any CPU
		{5FE67EC2-C6BA-4E14-9E53-AF3136A14DC5}.Release|x64.Build.0 = Release|Any CPU
		{5FE67EC2-C6BA-4E14-9E53-AF3136A14DC5}.Release|x86.ActiveCfg = Release|Any CPU
		{5FE67EC2-C6BA-4E14-9E53-AF3136A14DC5}.Release|x86.Build.0 = Release|Any CPU
		{7974B142-9E17-45FB-97A6-3F6951A8DD9A}.Debug|Any CPU.ActiveCfg = Debug|Any CPU
		{7974B142-9E17-45FB-97A6-3F6951A8DD9A}.Debug|Any CPU.Build.0 = Debug|Any CPU
		{7974B142-9E17-45FB-97A6-3F6951A8DD9A}.Debug|arm64.ActiveCfg = Debug|Any CPU
		{7974B142-9E17-45FB-97A6-3F6951A8DD9A}.Debug|arm64.Build.0 = Debug|Any CPU
		{7974B142-9E17-45FB-97A6-3F6951A8DD9A}.Debug|x64.ActiveCfg = Debug|Any CPU
		{7974B142-9E17-45FB-97A6-3F6951A8DD9A}.Debug|x64.Build.0 = Debug|Any CPU
		{7974B142-9E17-45FB-97A6-3F6951A8DD9A}.Debug|x86.ActiveCfg = Debug|Any CPU
		{7974B142-9E17-45FB-97A6-3F6951A8DD9A}.Debug|x86.Build.0 = Debug|Any CPU
		{7974B142-9E17-45FB-97A6-3F6951A8DD9A}.Release|Any CPU.ActiveCfg = Release|Any CPU
		{7974B142-9E17-45FB-97A6-3F6951A8DD9A}.Release|Any CPU.Build.0 = Release|Any CPU
		{7974B142-9E17-45FB-97A6-3F6951A8DD9A}.Release|arm64.ActiveCfg = Release|Any CPU
		{7974B142-9E17-45FB-97A6-3F6951A8DD9A}.Release|arm64.Build.0 = Release|Any CPU
		{7974B142-9E17-45FB-97A6-3F6951A8DD9A}.Release|x64.ActiveCfg = Release|Any CPU
		{7974B142-9E17-45FB-97A6-3F6951A8DD9A}.Release|x64.Build.0 = Release|Any CPU
		{7974B142-9E17-45FB-97A6-3F6951A8DD9A}.Release|x86.ActiveCfg = Release|Any CPU
		{7974B142-9E17-45FB-97A6-3F6951A8DD9A}.Release|x86.Build.0 = Release|Any CPU
		{641EDDD0-C3F7-4E5D-B5CB-992D92DD3F9C}.Debug|Any CPU.ActiveCfg = Debug|Any CPU
		{641EDDD0-C3F7-4E5D-B5CB-992D92DD3F9C}.Debug|Any CPU.Build.0 = Debug|Any CPU
		{641EDDD0-C3F7-4E5D-B5CB-992D92DD3F9C}.Debug|arm64.ActiveCfg = Debug|Any CPU
		{641EDDD0-C3F7-4E5D-B5CB-992D92DD3F9C}.Debug|arm64.Build.0 = Debug|Any CPU
		{641EDDD0-C3F7-4E5D-B5CB-992D92DD3F9C}.Debug|x64.ActiveCfg = Debug|Any CPU
		{641EDDD0-C3F7-4E5D-B5CB-992D92DD3F9C}.Debug|x64.Build.0 = Debug|Any CPU
		{641EDDD0-C3F7-4E5D-B5CB-992D92DD3F9C}.Debug|x86.ActiveCfg = Debug|Any CPU
		{641EDDD0-C3F7-4E5D-B5CB-992D92DD3F9C}.Debug|x86.Build.0 = Debug|Any CPU
		{641EDDD0-C3F7-4E5D-B5CB-992D92DD3F9C}.Release|Any CPU.ActiveCfg = Release|Any CPU
		{641EDDD0-C3F7-4E5D-B5CB-992D92DD3F9C}.Release|Any CPU.Build.0 = Release|Any CPU
		{641EDDD0-C3F7-4E5D-B5CB-992D92DD3F9C}.Release|arm64.ActiveCfg = Release|Any CPU
		{641EDDD0-C3F7-4E5D-B5CB-992D92DD3F9C}.Release|arm64.Build.0 = Release|Any CPU
		{641EDDD0-C3F7-4E5D-B5CB-992D92DD3F9C}.Release|x64.ActiveCfg = Release|Any CPU
		{641EDDD0-C3F7-4E5D-B5CB-992D92DD3F9C}.Release|x64.Build.0 = Release|Any CPU
		{641EDDD0-C3F7-4E5D-B5CB-992D92DD3F9C}.Release|x86.ActiveCfg = Release|Any CPU
		{641EDDD0-C3F7-4E5D-B5CB-992D92DD3F9C}.Release|x86.Build.0 = Release|Any CPU
		{08352D6B-FC35-48CE-BFCE-2EE3786E51EB}.Debug|Any CPU.ActiveCfg = Debug|Any CPU
		{08352D6B-FC35-48CE-BFCE-2EE3786E51EB}.Debug|Any CPU.Build.0 = Debug|Any CPU
		{08352D6B-FC35-48CE-BFCE-2EE3786E51EB}.Debug|arm64.ActiveCfg = Debug|Any CPU
		{08352D6B-FC35-48CE-BFCE-2EE3786E51EB}.Debug|arm64.Build.0 = Debug|Any CPU
		{08352D6B-FC35-48CE-BFCE-2EE3786E51EB}.Debug|x64.ActiveCfg = Debug|Any CPU
		{08352D6B-FC35-48CE-BFCE-2EE3786E51EB}.Debug|x64.Build.0 = Debug|Any CPU
		{08352D6B-FC35-48CE-BFCE-2EE3786E51EB}.Debug|x86.ActiveCfg = Debug|Any CPU
		{08352D6B-FC35-48CE-BFCE-2EE3786E51EB}.Debug|x86.Build.0 = Debug|Any CPU
		{08352D6B-FC35-48CE-BFCE-2EE3786E51EB}.Release|Any CPU.ActiveCfg = Release|Any CPU
		{08352D6B-FC35-48CE-BFCE-2EE3786E51EB}.Release|Any CPU.Build.0 = Release|Any CPU
		{08352D6B-FC35-48CE-BFCE-2EE3786E51EB}.Release|arm64.ActiveCfg = Release|Any CPU
		{08352D6B-FC35-48CE-BFCE-2EE3786E51EB}.Release|arm64.Build.0 = Release|Any CPU
		{08352D6B-FC35-48CE-BFCE-2EE3786E51EB}.Release|x64.ActiveCfg = Release|Any CPU
		{08352D6B-FC35-48CE-BFCE-2EE3786E51EB}.Release|x64.Build.0 = Release|Any CPU
		{08352D6B-FC35-48CE-BFCE-2EE3786E51EB}.Release|x86.ActiveCfg = Release|Any CPU
		{08352D6B-FC35-48CE-BFCE-2EE3786E51EB}.Release|x86.Build.0 = Release|Any CPU
		{86E624A4-10A1-4C42-944E-091FB87631EE}.Debug|Any CPU.ActiveCfg = Debug|Any CPU
		{86E624A4-10A1-4C42-944E-091FB87631EE}.Debug|Any CPU.Build.0 = Debug|Any CPU
		{86E624A4-10A1-4C42-944E-091FB87631EE}.Debug|arm64.ActiveCfg = Debug|Any CPU
		{86E624A4-10A1-4C42-944E-091FB87631EE}.Debug|arm64.Build.0 = Debug|Any CPU
		{86E624A4-10A1-4C42-944E-091FB87631EE}.Debug|x64.ActiveCfg = Debug|Any CPU
		{86E624A4-10A1-4C42-944E-091FB87631EE}.Debug|x64.Build.0 = Debug|Any CPU
		{86E624A4-10A1-4C42-944E-091FB87631EE}.Debug|x86.ActiveCfg = Debug|Any CPU
		{86E624A4-10A1-4C42-944E-091FB87631EE}.Debug|x86.Build.0 = Debug|Any CPU
		{86E624A4-10A1-4C42-944E-091FB87631EE}.Release|Any CPU.ActiveCfg = Release|Any CPU
		{86E624A4-10A1-4C42-944E-091FB87631EE}.Release|Any CPU.Build.0 = Release|Any CPU
		{86E624A4-10A1-4C42-944E-091FB87631EE}.Release|arm64.ActiveCfg = Release|Any CPU
		{86E624A4-10A1-4C42-944E-091FB87631EE}.Release|arm64.Build.0 = Release|Any CPU
		{86E624A4-10A1-4C42-944E-091FB87631EE}.Release|x64.ActiveCfg = Release|Any CPU
		{86E624A4-10A1-4C42-944E-091FB87631EE}.Release|x64.Build.0 = Release|Any CPU
		{86E624A4-10A1-4C42-944E-091FB87631EE}.Release|x86.ActiveCfg = Release|Any CPU
		{86E624A4-10A1-4C42-944E-091FB87631EE}.Release|x86.Build.0 = Release|Any CPU
		{28999895-9FD8-4883-B709-E48FDF4977D6}.Debug|Any CPU.ActiveCfg = Debug|Any CPU
		{28999895-9FD8-4883-B709-E48FDF4977D6}.Debug|Any CPU.Build.0 = Debug|Any CPU
		{28999895-9FD8-4883-B709-E48FDF4977D6}.Debug|arm64.ActiveCfg = Debug|Any CPU
		{28999895-9FD8-4883-B709-E48FDF4977D6}.Debug|arm64.Build.0 = Debug|Any CPU
		{28999895-9FD8-4883-B709-E48FDF4977D6}.Debug|x64.ActiveCfg = Debug|Any CPU
		{28999895-9FD8-4883-B709-E48FDF4977D6}.Debug|x64.Build.0 = Debug|Any CPU
		{28999895-9FD8-4883-B709-E48FDF4977D6}.Debug|x86.ActiveCfg = Debug|Any CPU
		{28999895-9FD8-4883-B709-E48FDF4977D6}.Debug|x86.Build.0 = Debug|Any CPU
		{28999895-9FD8-4883-B709-E48FDF4977D6}.Release|Any CPU.ActiveCfg = Release|Any CPU
		{28999895-9FD8-4883-B709-E48FDF4977D6}.Release|Any CPU.Build.0 = Release|Any CPU
		{28999895-9FD8-4883-B709-E48FDF4977D6}.Release|arm64.ActiveCfg = Release|Any CPU
		{28999895-9FD8-4883-B709-E48FDF4977D6}.Release|arm64.Build.0 = Release|Any CPU
		{28999895-9FD8-4883-B709-E48FDF4977D6}.Release|x64.ActiveCfg = Release|Any CPU
		{28999895-9FD8-4883-B709-E48FDF4977D6}.Release|x64.Build.0 = Release|Any CPU
		{28999895-9FD8-4883-B709-E48FDF4977D6}.Release|x86.ActiveCfg = Release|Any CPU
		{28999895-9FD8-4883-B709-E48FDF4977D6}.Release|x86.Build.0 = Release|Any CPU
		{D70254A2-E695-4F48-B159-AAD34F9C4011}.Debug|Any CPU.ActiveCfg = Debug|Any CPU
		{D70254A2-E695-4F48-B159-AAD34F9C4011}.Debug|Any CPU.Build.0 = Debug|Any CPU
		{D70254A2-E695-4F48-B159-AAD34F9C4011}.Debug|arm64.ActiveCfg = Debug|Any CPU
		{D70254A2-E695-4F48-B159-AAD34F9C4011}.Debug|arm64.Build.0 = Debug|Any CPU
		{D70254A2-E695-4F48-B159-AAD34F9C4011}.Debug|x64.ActiveCfg = Debug|Any CPU
		{D70254A2-E695-4F48-B159-AAD34F9C4011}.Debug|x64.Build.0 = Debug|Any CPU
		{D70254A2-E695-4F48-B159-AAD34F9C4011}.Debug|x86.ActiveCfg = Debug|Any CPU
		{D70254A2-E695-4F48-B159-AAD34F9C4011}.Debug|x86.Build.0 = Debug|Any CPU
		{D70254A2-E695-4F48-B159-AAD34F9C4011}.Release|Any CPU.ActiveCfg = Release|Any CPU
		{D70254A2-E695-4F48-B159-AAD34F9C4011}.Release|Any CPU.Build.0 = Release|Any CPU
		{D70254A2-E695-4F48-B159-AAD34F9C4011}.Release|arm64.ActiveCfg = Release|Any CPU
		{D70254A2-E695-4F48-B159-AAD34F9C4011}.Release|arm64.Build.0 = Release|Any CPU
		{D70254A2-E695-4F48-B159-AAD34F9C4011}.Release|x64.ActiveCfg = Release|Any CPU
		{D70254A2-E695-4F48-B159-AAD34F9C4011}.Release|x64.Build.0 = Release|Any CPU
		{D70254A2-E695-4F48-B159-AAD34F9C4011}.Release|x86.ActiveCfg = Release|Any CPU
		{D70254A2-E695-4F48-B159-AAD34F9C4011}.Release|x86.Build.0 = Release|Any CPU
		{4F49A0CB-93BB-428C-874D-A391AD8A9EA4}.Debug|Any CPU.ActiveCfg = Debug|Any CPU
		{4F49A0CB-93BB-428C-874D-A391AD8A9EA4}.Debug|Any CPU.Build.0 = Debug|Any CPU
		{4F49A0CB-93BB-428C-874D-A391AD8A9EA4}.Debug|arm64.ActiveCfg = Debug|Any CPU
		{4F49A0CB-93BB-428C-874D-A391AD8A9EA4}.Debug|arm64.Build.0 = Debug|Any CPU
		{4F49A0CB-93BB-428C-874D-A391AD8A9EA4}.Debug|x64.ActiveCfg = Debug|Any CPU
		{4F49A0CB-93BB-428C-874D-A391AD8A9EA4}.Debug|x64.Build.0 = Debug|Any CPU
		{4F49A0CB-93BB-428C-874D-A391AD8A9EA4}.Debug|x86.ActiveCfg = Debug|Any CPU
		{4F49A0CB-93BB-428C-874D-A391AD8A9EA4}.Debug|x86.Build.0 = Debug|Any CPU
		{4F49A0CB-93BB-428C-874D-A391AD8A9EA4}.Release|Any CPU.ActiveCfg = Release|Any CPU
		{4F49A0CB-93BB-428C-874D-A391AD8A9EA4}.Release|Any CPU.Build.0 = Release|Any CPU
		{4F49A0CB-93BB-428C-874D-A391AD8A9EA4}.Release|arm64.ActiveCfg = Release|Any CPU
		{4F49A0CB-93BB-428C-874D-A391AD8A9EA4}.Release|arm64.Build.0 = Release|Any CPU
		{4F49A0CB-93BB-428C-874D-A391AD8A9EA4}.Release|x64.ActiveCfg = Release|Any CPU
		{4F49A0CB-93BB-428C-874D-A391AD8A9EA4}.Release|x64.Build.0 = Release|Any CPU
		{4F49A0CB-93BB-428C-874D-A391AD8A9EA4}.Release|x86.ActiveCfg = Release|Any CPU
		{4F49A0CB-93BB-428C-874D-A391AD8A9EA4}.Release|x86.Build.0 = Release|Any CPU
		{BBEC92D5-86E0-4A66-8378-D42561C028C8}.Debug|Any CPU.ActiveCfg = Debug|Any CPU
		{BBEC92D5-86E0-4A66-8378-D42561C028C8}.Debug|Any CPU.Build.0 = Debug|Any CPU
		{BBEC92D5-86E0-4A66-8378-D42561C028C8}.Debug|arm64.ActiveCfg = Debug|Any CPU
		{BBEC92D5-86E0-4A66-8378-D42561C028C8}.Debug|arm64.Build.0 = Debug|Any CPU
		{BBEC92D5-86E0-4A66-8378-D42561C028C8}.Debug|x64.ActiveCfg = Debug|Any CPU
		{BBEC92D5-86E0-4A66-8378-D42561C028C8}.Debug|x64.Build.0 = Debug|Any CPU
		{BBEC92D5-86E0-4A66-8378-D42561C028C8}.Debug|x86.ActiveCfg = Debug|Any CPU
		{BBEC92D5-86E0-4A66-8378-D42561C028C8}.Debug|x86.Build.0 = Debug|Any CPU
		{BBEC92D5-86E0-4A66-8378-D42561C028C8}.Release|Any CPU.ActiveCfg = Release|Any CPU
		{BBEC92D5-86E0-4A66-8378-D42561C028C8}.Release|Any CPU.Build.0 = Release|Any CPU
		{BBEC92D5-86E0-4A66-8378-D42561C028C8}.Release|arm64.ActiveCfg = Release|Any CPU
		{BBEC92D5-86E0-4A66-8378-D42561C028C8}.Release|arm64.Build.0 = Release|Any CPU
		{BBEC92D5-86E0-4A66-8378-D42561C028C8}.Release|x64.ActiveCfg = Release|Any CPU
		{BBEC92D5-86E0-4A66-8378-D42561C028C8}.Release|x64.Build.0 = Release|Any CPU
		{BBEC92D5-86E0-4A66-8378-D42561C028C8}.Release|x86.ActiveCfg = Release|Any CPU
		{BBEC92D5-86E0-4A66-8378-D42561C028C8}.Release|x86.Build.0 = Release|Any CPU
		{68F86098-BDC1-453A-A207-A87CA6D10284}.Debug|Any CPU.ActiveCfg = Debug|Any CPU
		{68F86098-BDC1-453A-A207-A87CA6D10284}.Debug|Any CPU.Build.0 = Debug|Any CPU
		{68F86098-BDC1-453A-A207-A87CA6D10284}.Debug|arm64.ActiveCfg = Debug|Any CPU
		{68F86098-BDC1-453A-A207-A87CA6D10284}.Debug|arm64.Build.0 = Debug|Any CPU
		{68F86098-BDC1-453A-A207-A87CA6D10284}.Debug|x64.ActiveCfg = Debug|Any CPU
		{68F86098-BDC1-453A-A207-A87CA6D10284}.Debug|x64.Build.0 = Debug|Any CPU
		{68F86098-BDC1-453A-A207-A87CA6D10284}.Debug|x86.ActiveCfg = Debug|Any CPU
		{68F86098-BDC1-453A-A207-A87CA6D10284}.Debug|x86.Build.0 = Debug|Any CPU
		{68F86098-BDC1-453A-A207-A87CA6D10284}.Release|Any CPU.ActiveCfg = Release|Any CPU
		{68F86098-BDC1-453A-A207-A87CA6D10284}.Release|Any CPU.Build.0 = Release|Any CPU
		{68F86098-BDC1-453A-A207-A87CA6D10284}.Release|arm64.ActiveCfg = Release|Any CPU
		{68F86098-BDC1-453A-A207-A87CA6D10284}.Release|arm64.Build.0 = Release|Any CPU
		{68F86098-BDC1-453A-A207-A87CA6D10284}.Release|x64.ActiveCfg = Release|Any CPU
		{68F86098-BDC1-453A-A207-A87CA6D10284}.Release|x64.Build.0 = Release|Any CPU
		{68F86098-BDC1-453A-A207-A87CA6D10284}.Release|x86.ActiveCfg = Release|Any CPU
		{68F86098-BDC1-453A-A207-A87CA6D10284}.Release|x86.Build.0 = Release|Any CPU
		{4F0A647C-83AA-49CB-8E95-5B7D8A9D503C}.Debug|Any CPU.ActiveCfg = Debug|Any CPU
		{4F0A647C-83AA-49CB-8E95-5B7D8A9D503C}.Debug|Any CPU.Build.0 = Debug|Any CPU
		{4F0A647C-83AA-49CB-8E95-5B7D8A9D503C}.Debug|arm64.ActiveCfg = Debug|Any CPU
		{4F0A647C-83AA-49CB-8E95-5B7D8A9D503C}.Debug|arm64.Build.0 = Debug|Any CPU
		{4F0A647C-83AA-49CB-8E95-5B7D8A9D503C}.Debug|x64.ActiveCfg = Debug|Any CPU
		{4F0A647C-83AA-49CB-8E95-5B7D8A9D503C}.Debug|x64.Build.0 = Debug|Any CPU
		{4F0A647C-83AA-49CB-8E95-5B7D8A9D503C}.Debug|x86.ActiveCfg = Debug|Any CPU
		{4F0A647C-83AA-49CB-8E95-5B7D8A9D503C}.Debug|x86.Build.0 = Debug|Any CPU
		{4F0A647C-83AA-49CB-8E95-5B7D8A9D503C}.Release|Any CPU.ActiveCfg = Release|Any CPU
		{4F0A647C-83AA-49CB-8E95-5B7D8A9D503C}.Release|Any CPU.Build.0 = Release|Any CPU
		{4F0A647C-83AA-49CB-8E95-5B7D8A9D503C}.Release|arm64.ActiveCfg = Release|Any CPU
		{4F0A647C-83AA-49CB-8E95-5B7D8A9D503C}.Release|arm64.Build.0 = Release|Any CPU
		{4F0A647C-83AA-49CB-8E95-5B7D8A9D503C}.Release|x64.ActiveCfg = Release|Any CPU
		{4F0A647C-83AA-49CB-8E95-5B7D8A9D503C}.Release|x64.Build.0 = Release|Any CPU
		{4F0A647C-83AA-49CB-8E95-5B7D8A9D503C}.Release|x86.ActiveCfg = Release|Any CPU
		{4F0A647C-83AA-49CB-8E95-5B7D8A9D503C}.Release|x86.Build.0 = Release|Any CPU
		{082026A1-957C-4B2D-A5D1-EA50D142AB9F}.Debug|Any CPU.ActiveCfg = Debug|Any CPU
		{082026A1-957C-4B2D-A5D1-EA50D142AB9F}.Debug|Any CPU.Build.0 = Debug|Any CPU
		{082026A1-957C-4B2D-A5D1-EA50D142AB9F}.Debug|arm64.ActiveCfg = Debug|Any CPU
		{082026A1-957C-4B2D-A5D1-EA50D142AB9F}.Debug|arm64.Build.0 = Debug|Any CPU
		{082026A1-957C-4B2D-A5D1-EA50D142AB9F}.Debug|x64.ActiveCfg = Debug|Any CPU
		{082026A1-957C-4B2D-A5D1-EA50D142AB9F}.Debug|x64.Build.0 = Debug|Any CPU
		{082026A1-957C-4B2D-A5D1-EA50D142AB9F}.Debug|x86.ActiveCfg = Debug|Any CPU
		{082026A1-957C-4B2D-A5D1-EA50D142AB9F}.Debug|x86.Build.0 = Debug|Any CPU
		{082026A1-957C-4B2D-A5D1-EA50D142AB9F}.Release|Any CPU.ActiveCfg = Release|Any CPU
		{082026A1-957C-4B2D-A5D1-EA50D142AB9F}.Release|Any CPU.Build.0 = Release|Any CPU
		{082026A1-957C-4B2D-A5D1-EA50D142AB9F}.Release|arm64.ActiveCfg = Release|Any CPU
		{082026A1-957C-4B2D-A5D1-EA50D142AB9F}.Release|arm64.Build.0 = Release|Any CPU
		{082026A1-957C-4B2D-A5D1-EA50D142AB9F}.Release|x64.ActiveCfg = Release|Any CPU
		{082026A1-957C-4B2D-A5D1-EA50D142AB9F}.Release|x64.Build.0 = Release|Any CPU
		{082026A1-957C-4B2D-A5D1-EA50D142AB9F}.Release|x86.ActiveCfg = Release|Any CPU
		{082026A1-957C-4B2D-A5D1-EA50D142AB9F}.Release|x86.Build.0 = Release|Any CPU
		{6490A72D-ECCF-4D5A-A1C1-3366C8E3B234}.Debug|Any CPU.ActiveCfg = Debug|Any CPU
		{6490A72D-ECCF-4D5A-A1C1-3366C8E3B234}.Debug|Any CPU.Build.0 = Debug|Any CPU
		{6490A72D-ECCF-4D5A-A1C1-3366C8E3B234}.Debug|arm64.ActiveCfg = Debug|Any CPU
		{6490A72D-ECCF-4D5A-A1C1-3366C8E3B234}.Debug|arm64.Build.0 = Debug|Any CPU
		{6490A72D-ECCF-4D5A-A1C1-3366C8E3B234}.Debug|x64.ActiveCfg = Debug|Any CPU
		{6490A72D-ECCF-4D5A-A1C1-3366C8E3B234}.Debug|x64.Build.0 = Debug|Any CPU
		{6490A72D-ECCF-4D5A-A1C1-3366C8E3B234}.Debug|x86.ActiveCfg = Debug|Any CPU
		{6490A72D-ECCF-4D5A-A1C1-3366C8E3B234}.Debug|x86.Build.0 = Debug|Any CPU
		{6490A72D-ECCF-4D5A-A1C1-3366C8E3B234}.Release|Any CPU.ActiveCfg = Release|Any CPU
		{6490A72D-ECCF-4D5A-A1C1-3366C8E3B234}.Release|Any CPU.Build.0 = Release|Any CPU
		{6490A72D-ECCF-4D5A-A1C1-3366C8E3B234}.Release|arm64.ActiveCfg = Release|Any CPU
		{6490A72D-ECCF-4D5A-A1C1-3366C8E3B234}.Release|arm64.Build.0 = Release|Any CPU
		{6490A72D-ECCF-4D5A-A1C1-3366C8E3B234}.Release|x64.ActiveCfg = Release|Any CPU
		{6490A72D-ECCF-4D5A-A1C1-3366C8E3B234}.Release|x64.Build.0 = Release|Any CPU
		{6490A72D-ECCF-4D5A-A1C1-3366C8E3B234}.Release|x86.ActiveCfg = Release|Any CPU
		{6490A72D-ECCF-4D5A-A1C1-3366C8E3B234}.Release|x86.Build.0 = Release|Any CPU
		{9753CAEE-88CB-4CA2-8ACD-9D5122FFBD91}.Debug|Any CPU.ActiveCfg = Debug|Any CPU
		{9753CAEE-88CB-4CA2-8ACD-9D5122FFBD91}.Debug|Any CPU.Build.0 = Debug|Any CPU
		{9753CAEE-88CB-4CA2-8ACD-9D5122FFBD91}.Debug|arm64.ActiveCfg = Debug|Any CPU
		{9753CAEE-88CB-4CA2-8ACD-9D5122FFBD91}.Debug|arm64.Build.0 = Debug|Any CPU
		{9753CAEE-88CB-4CA2-8ACD-9D5122FFBD91}.Debug|x64.ActiveCfg = Debug|Any CPU
		{9753CAEE-88CB-4CA2-8ACD-9D5122FFBD91}.Debug|x64.Build.0 = Debug|Any CPU
		{9753CAEE-88CB-4CA2-8ACD-9D5122FFBD91}.Debug|x86.ActiveCfg = Debug|Any CPU
		{9753CAEE-88CB-4CA2-8ACD-9D5122FFBD91}.Debug|x86.Build.0 = Debug|Any CPU
		{9753CAEE-88CB-4CA2-8ACD-9D5122FFBD91}.Release|Any CPU.ActiveCfg = Release|Any CPU
		{9753CAEE-88CB-4CA2-8ACD-9D5122FFBD91}.Release|Any CPU.Build.0 = Release|Any CPU
		{9753CAEE-88CB-4CA2-8ACD-9D5122FFBD91}.Release|arm64.ActiveCfg = Release|Any CPU
		{9753CAEE-88CB-4CA2-8ACD-9D5122FFBD91}.Release|arm64.Build.0 = Release|Any CPU
		{9753CAEE-88CB-4CA2-8ACD-9D5122FFBD91}.Release|x64.ActiveCfg = Release|Any CPU
		{9753CAEE-88CB-4CA2-8ACD-9D5122FFBD91}.Release|x64.Build.0 = Release|Any CPU
		{9753CAEE-88CB-4CA2-8ACD-9D5122FFBD91}.Release|x86.ActiveCfg = Release|Any CPU
		{9753CAEE-88CB-4CA2-8ACD-9D5122FFBD91}.Release|x86.Build.0 = Release|Any CPU
		{6B6AB72C-65F6-4E50-8050-E65DB8A72C4D}.Debug|Any CPU.ActiveCfg = Debug|Any CPU
		{6B6AB72C-65F6-4E50-8050-E65DB8A72C4D}.Debug|Any CPU.Build.0 = Debug|Any CPU
		{6B6AB72C-65F6-4E50-8050-E65DB8A72C4D}.Debug|arm64.ActiveCfg = Debug|Any CPU
		{6B6AB72C-65F6-4E50-8050-E65DB8A72C4D}.Debug|arm64.Build.0 = Debug|Any CPU
		{6B6AB72C-65F6-4E50-8050-E65DB8A72C4D}.Debug|x64.ActiveCfg = Debug|Any CPU
		{6B6AB72C-65F6-4E50-8050-E65DB8A72C4D}.Debug|x64.Build.0 = Debug|Any CPU
		{6B6AB72C-65F6-4E50-8050-E65DB8A72C4D}.Debug|x86.ActiveCfg = Debug|Any CPU
		{6B6AB72C-65F6-4E50-8050-E65DB8A72C4D}.Debug|x86.Build.0 = Debug|Any CPU
		{6B6AB72C-65F6-4E50-8050-E65DB8A72C4D}.Release|Any CPU.ActiveCfg = Release|Any CPU
		{6B6AB72C-65F6-4E50-8050-E65DB8A72C4D}.Release|Any CPU.Build.0 = Release|Any CPU
		{6B6AB72C-65F6-4E50-8050-E65DB8A72C4D}.Release|arm64.ActiveCfg = Release|Any CPU
		{6B6AB72C-65F6-4E50-8050-E65DB8A72C4D}.Release|arm64.Build.0 = Release|Any CPU
		{6B6AB72C-65F6-4E50-8050-E65DB8A72C4D}.Release|x64.ActiveCfg = Release|Any CPU
		{6B6AB72C-65F6-4E50-8050-E65DB8A72C4D}.Release|x64.Build.0 = Release|Any CPU
		{6B6AB72C-65F6-4E50-8050-E65DB8A72C4D}.Release|x86.ActiveCfg = Release|Any CPU
		{6B6AB72C-65F6-4E50-8050-E65DB8A72C4D}.Release|x86.Build.0 = Release|Any CPU
		{64CA42BE-8170-4FC0-97CB-19CF63F370B0}.Debug|Any CPU.ActiveCfg = Debug|Any CPU
		{64CA42BE-8170-4FC0-97CB-19CF63F370B0}.Debug|Any CPU.Build.0 = Debug|Any CPU
		{64CA42BE-8170-4FC0-97CB-19CF63F370B0}.Debug|arm64.ActiveCfg = Debug|Any CPU
		{64CA42BE-8170-4FC0-97CB-19CF63F370B0}.Debug|arm64.Build.0 = Debug|Any CPU
		{64CA42BE-8170-4FC0-97CB-19CF63F370B0}.Debug|x64.ActiveCfg = Debug|Any CPU
		{64CA42BE-8170-4FC0-97CB-19CF63F370B0}.Debug|x64.Build.0 = Debug|Any CPU
		{64CA42BE-8170-4FC0-97CB-19CF63F370B0}.Debug|x86.ActiveCfg = Debug|Any CPU
		{64CA42BE-8170-4FC0-97CB-19CF63F370B0}.Debug|x86.Build.0 = Debug|Any CPU
		{64CA42BE-8170-4FC0-97CB-19CF63F370B0}.Release|Any CPU.ActiveCfg = Release|Any CPU
		{64CA42BE-8170-4FC0-97CB-19CF63F370B0}.Release|Any CPU.Build.0 = Release|Any CPU
		{64CA42BE-8170-4FC0-97CB-19CF63F370B0}.Release|arm64.ActiveCfg = Release|Any CPU
		{64CA42BE-8170-4FC0-97CB-19CF63F370B0}.Release|arm64.Build.0 = Release|Any CPU
		{64CA42BE-8170-4FC0-97CB-19CF63F370B0}.Release|x64.ActiveCfg = Release|Any CPU
		{64CA42BE-8170-4FC0-97CB-19CF63F370B0}.Release|x64.Build.0 = Release|Any CPU
		{64CA42BE-8170-4FC0-97CB-19CF63F370B0}.Release|x86.ActiveCfg = Release|Any CPU
		{64CA42BE-8170-4FC0-97CB-19CF63F370B0}.Release|x86.Build.0 = Release|Any CPU
		{A68E1279-49B0-41EA-A1B7-B88433CD61BD}.Debug|Any CPU.ActiveCfg = Debug|Any CPU
		{A68E1279-49B0-41EA-A1B7-B88433CD61BD}.Debug|Any CPU.Build.0 = Debug|Any CPU
		{A68E1279-49B0-41EA-A1B7-B88433CD61BD}.Debug|arm64.ActiveCfg = Debug|Any CPU
		{A68E1279-49B0-41EA-A1B7-B88433CD61BD}.Debug|arm64.Build.0 = Debug|Any CPU
		{A68E1279-49B0-41EA-A1B7-B88433CD61BD}.Debug|x64.ActiveCfg = Debug|Any CPU
		{A68E1279-49B0-41EA-A1B7-B88433CD61BD}.Debug|x64.Build.0 = Debug|Any CPU
		{A68E1279-49B0-41EA-A1B7-B88433CD61BD}.Debug|x86.ActiveCfg = Debug|Any CPU
		{A68E1279-49B0-41EA-A1B7-B88433CD61BD}.Debug|x86.Build.0 = Debug|Any CPU
		{A68E1279-49B0-41EA-A1B7-B88433CD61BD}.Release|Any CPU.ActiveCfg = Release|Any CPU
		{A68E1279-49B0-41EA-A1B7-B88433CD61BD}.Release|Any CPU.Build.0 = Release|Any CPU
		{A68E1279-49B0-41EA-A1B7-B88433CD61BD}.Release|arm64.ActiveCfg = Release|Any CPU
		{A68E1279-49B0-41EA-A1B7-B88433CD61BD}.Release|arm64.Build.0 = Release|Any CPU
		{A68E1279-49B0-41EA-A1B7-B88433CD61BD}.Release|x64.ActiveCfg = Release|Any CPU
		{A68E1279-49B0-41EA-A1B7-B88433CD61BD}.Release|x64.Build.0 = Release|Any CPU
		{A68E1279-49B0-41EA-A1B7-B88433CD61BD}.Release|x86.ActiveCfg = Release|Any CPU
		{A68E1279-49B0-41EA-A1B7-B88433CD61BD}.Release|x86.Build.0 = Release|Any CPU
		{FCC0BA72-563F-4C22-A0CA-5A6222AA6F53}.Debug|Any CPU.ActiveCfg = Debug|Any CPU
		{FCC0BA72-563F-4C22-A0CA-5A6222AA6F53}.Debug|Any CPU.Build.0 = Debug|Any CPU
		{FCC0BA72-563F-4C22-A0CA-5A6222AA6F53}.Debug|arm64.ActiveCfg = Debug|Any CPU
		{FCC0BA72-563F-4C22-A0CA-5A6222AA6F53}.Debug|arm64.Build.0 = Debug|Any CPU
		{FCC0BA72-563F-4C22-A0CA-5A6222AA6F53}.Debug|x64.ActiveCfg = Debug|Any CPU
		{FCC0BA72-563F-4C22-A0CA-5A6222AA6F53}.Debug|x64.Build.0 = Debug|Any CPU
		{FCC0BA72-563F-4C22-A0CA-5A6222AA6F53}.Debug|x86.ActiveCfg = Debug|Any CPU
		{FCC0BA72-563F-4C22-A0CA-5A6222AA6F53}.Debug|x86.Build.0 = Debug|Any CPU
		{FCC0BA72-563F-4C22-A0CA-5A6222AA6F53}.Release|Any CPU.ActiveCfg = Release|Any CPU
		{FCC0BA72-563F-4C22-A0CA-5A6222AA6F53}.Release|Any CPU.Build.0 = Release|Any CPU
		{FCC0BA72-563F-4C22-A0CA-5A6222AA6F53}.Release|arm64.ActiveCfg = Release|Any CPU
		{FCC0BA72-563F-4C22-A0CA-5A6222AA6F53}.Release|arm64.Build.0 = Release|Any CPU
		{FCC0BA72-563F-4C22-A0CA-5A6222AA6F53}.Release|x64.ActiveCfg = Release|Any CPU
		{FCC0BA72-563F-4C22-A0CA-5A6222AA6F53}.Release|x64.Build.0 = Release|Any CPU
		{FCC0BA72-563F-4C22-A0CA-5A6222AA6F53}.Release|x86.ActiveCfg = Release|Any CPU
		{FCC0BA72-563F-4C22-A0CA-5A6222AA6F53}.Release|x86.Build.0 = Release|Any CPU
		{5218CD8D-A092-4579-AC7D-1F6AD79CFC6A}.Debug|Any CPU.ActiveCfg = Debug|Any CPU
		{5218CD8D-A092-4579-AC7D-1F6AD79CFC6A}.Debug|Any CPU.Build.0 = Debug|Any CPU
		{5218CD8D-A092-4579-AC7D-1F6AD79CFC6A}.Debug|arm64.ActiveCfg = Debug|Any CPU
		{5218CD8D-A092-4579-AC7D-1F6AD79CFC6A}.Debug|arm64.Build.0 = Debug|Any CPU
		{5218CD8D-A092-4579-AC7D-1F6AD79CFC6A}.Debug|x64.ActiveCfg = Debug|Any CPU
		{5218CD8D-A092-4579-AC7D-1F6AD79CFC6A}.Debug|x64.Build.0 = Debug|Any CPU
		{5218CD8D-A092-4579-AC7D-1F6AD79CFC6A}.Debug|x86.ActiveCfg = Debug|Any CPU
		{5218CD8D-A092-4579-AC7D-1F6AD79CFC6A}.Debug|x86.Build.0 = Debug|Any CPU
		{5218CD8D-A092-4579-AC7D-1F6AD79CFC6A}.Release|Any CPU.ActiveCfg = Release|Any CPU
		{5218CD8D-A092-4579-AC7D-1F6AD79CFC6A}.Release|Any CPU.Build.0 = Release|Any CPU
		{5218CD8D-A092-4579-AC7D-1F6AD79CFC6A}.Release|arm64.ActiveCfg = Release|Any CPU
		{5218CD8D-A092-4579-AC7D-1F6AD79CFC6A}.Release|arm64.Build.0 = Release|Any CPU
		{5218CD8D-A092-4579-AC7D-1F6AD79CFC6A}.Release|x64.ActiveCfg = Release|Any CPU
		{5218CD8D-A092-4579-AC7D-1F6AD79CFC6A}.Release|x64.Build.0 = Release|Any CPU
		{5218CD8D-A092-4579-AC7D-1F6AD79CFC6A}.Release|x86.ActiveCfg = Release|Any CPU
		{5218CD8D-A092-4579-AC7D-1F6AD79CFC6A}.Release|x86.Build.0 = Release|Any CPU
		{375F6F78-5040-4A16-999D-25C698A88826}.Debug|Any CPU.ActiveCfg = Debug|Any CPU
		{375F6F78-5040-4A16-999D-25C698A88826}.Debug|Any CPU.Build.0 = Debug|Any CPU
		{375F6F78-5040-4A16-999D-25C698A88826}.Debug|arm64.ActiveCfg = Debug|Any CPU
		{375F6F78-5040-4A16-999D-25C698A88826}.Debug|arm64.Build.0 = Debug|Any CPU
		{375F6F78-5040-4A16-999D-25C698A88826}.Debug|x64.ActiveCfg = Debug|Any CPU
		{375F6F78-5040-4A16-999D-25C698A88826}.Debug|x64.Build.0 = Debug|Any CPU
		{375F6F78-5040-4A16-999D-25C698A88826}.Debug|x86.ActiveCfg = Debug|Any CPU
		{375F6F78-5040-4A16-999D-25C698A88826}.Debug|x86.Build.0 = Debug|Any CPU
		{375F6F78-5040-4A16-999D-25C698A88826}.Release|Any CPU.ActiveCfg = Release|Any CPU
		{375F6F78-5040-4A16-999D-25C698A88826}.Release|Any CPU.Build.0 = Release|Any CPU
		{375F6F78-5040-4A16-999D-25C698A88826}.Release|arm64.ActiveCfg = Release|Any CPU
		{375F6F78-5040-4A16-999D-25C698A88826}.Release|arm64.Build.0 = Release|Any CPU
		{375F6F78-5040-4A16-999D-25C698A88826}.Release|x64.ActiveCfg = Release|Any CPU
		{375F6F78-5040-4A16-999D-25C698A88826}.Release|x64.Build.0 = Release|Any CPU
		{375F6F78-5040-4A16-999D-25C698A88826}.Release|x86.ActiveCfg = Release|Any CPU
		{375F6F78-5040-4A16-999D-25C698A88826}.Release|x86.Build.0 = Release|Any CPU
		{020AC927-3CB3-4259-9D73-8E1EE1C9B08F}.Debug|Any CPU.ActiveCfg = Debug|Any CPU
		{020AC927-3CB3-4259-9D73-8E1EE1C9B08F}.Debug|Any CPU.Build.0 = Debug|Any CPU
		{020AC927-3CB3-4259-9D73-8E1EE1C9B08F}.Debug|arm64.ActiveCfg = Debug|Any CPU
		{020AC927-3CB3-4259-9D73-8E1EE1C9B08F}.Debug|arm64.Build.0 = Debug|Any CPU
		{020AC927-3CB3-4259-9D73-8E1EE1C9B08F}.Debug|x64.ActiveCfg = Debug|Any CPU
		{020AC927-3CB3-4259-9D73-8E1EE1C9B08F}.Debug|x64.Build.0 = Debug|Any CPU
		{020AC927-3CB3-4259-9D73-8E1EE1C9B08F}.Debug|x86.ActiveCfg = Debug|Any CPU
		{020AC927-3CB3-4259-9D73-8E1EE1C9B08F}.Debug|x86.Build.0 = Debug|Any CPU
		{020AC927-3CB3-4259-9D73-8E1EE1C9B08F}.Release|Any CPU.ActiveCfg = Release|Any CPU
		{020AC927-3CB3-4259-9D73-8E1EE1C9B08F}.Release|Any CPU.Build.0 = Release|Any CPU
		{020AC927-3CB3-4259-9D73-8E1EE1C9B08F}.Release|arm64.ActiveCfg = Release|Any CPU
		{020AC927-3CB3-4259-9D73-8E1EE1C9B08F}.Release|arm64.Build.0 = Release|Any CPU
		{020AC927-3CB3-4259-9D73-8E1EE1C9B08F}.Release|x64.ActiveCfg = Release|Any CPU
		{020AC927-3CB3-4259-9D73-8E1EE1C9B08F}.Release|x64.Build.0 = Release|Any CPU
		{020AC927-3CB3-4259-9D73-8E1EE1C9B08F}.Release|x86.ActiveCfg = Release|Any CPU
		{020AC927-3CB3-4259-9D73-8E1EE1C9B08F}.Release|x86.Build.0 = Release|Any CPU
		{60C269D2-9676-41F5-B8DC-26BD27AF3DB7}.Debug|Any CPU.ActiveCfg = Debug|Any CPU
		{60C269D2-9676-41F5-B8DC-26BD27AF3DB7}.Debug|Any CPU.Build.0 = Debug|Any CPU
		{60C269D2-9676-41F5-B8DC-26BD27AF3DB7}.Debug|arm64.ActiveCfg = Debug|Any CPU
		{60C269D2-9676-41F5-B8DC-26BD27AF3DB7}.Debug|arm64.Build.0 = Debug|Any CPU
		{60C269D2-9676-41F5-B8DC-26BD27AF3DB7}.Debug|x64.ActiveCfg = Debug|Any CPU
		{60C269D2-9676-41F5-B8DC-26BD27AF3DB7}.Debug|x64.Build.0 = Debug|Any CPU
		{60C269D2-9676-41F5-B8DC-26BD27AF3DB7}.Debug|x86.ActiveCfg = Debug|Any CPU
		{60C269D2-9676-41F5-B8DC-26BD27AF3DB7}.Debug|x86.Build.0 = Debug|Any CPU
		{60C269D2-9676-41F5-B8DC-26BD27AF3DB7}.Release|Any CPU.ActiveCfg = Release|Any CPU
		{60C269D2-9676-41F5-B8DC-26BD27AF3DB7}.Release|Any CPU.Build.0 = Release|Any CPU
		{60C269D2-9676-41F5-B8DC-26BD27AF3DB7}.Release|arm64.ActiveCfg = Release|Any CPU
		{60C269D2-9676-41F5-B8DC-26BD27AF3DB7}.Release|arm64.Build.0 = Release|Any CPU
		{60C269D2-9676-41F5-B8DC-26BD27AF3DB7}.Release|x64.ActiveCfg = Release|Any CPU
		{60C269D2-9676-41F5-B8DC-26BD27AF3DB7}.Release|x64.Build.0 = Release|Any CPU
		{60C269D2-9676-41F5-B8DC-26BD27AF3DB7}.Release|x86.ActiveCfg = Release|Any CPU
		{60C269D2-9676-41F5-B8DC-26BD27AF3DB7}.Release|x86.Build.0 = Release|Any CPU
		{CEE2709F-02BE-4CF9-91CC-8942A9D50FE7}.Debug|Any CPU.ActiveCfg = Debug|Any CPU
		{CEE2709F-02BE-4CF9-91CC-8942A9D50FE7}.Debug|Any CPU.Build.0 = Debug|Any CPU
		{CEE2709F-02BE-4CF9-91CC-8942A9D50FE7}.Debug|arm64.ActiveCfg = Debug|Any CPU
		{CEE2709F-02BE-4CF9-91CC-8942A9D50FE7}.Debug|arm64.Build.0 = Debug|Any CPU
		{CEE2709F-02BE-4CF9-91CC-8942A9D50FE7}.Debug|x64.ActiveCfg = Debug|Any CPU
		{CEE2709F-02BE-4CF9-91CC-8942A9D50FE7}.Debug|x64.Build.0 = Debug|Any CPU
		{CEE2709F-02BE-4CF9-91CC-8942A9D50FE7}.Debug|x86.ActiveCfg = Debug|Any CPU
		{CEE2709F-02BE-4CF9-91CC-8942A9D50FE7}.Debug|x86.Build.0 = Debug|Any CPU
		{CEE2709F-02BE-4CF9-91CC-8942A9D50FE7}.Release|Any CPU.ActiveCfg = Release|Any CPU
		{CEE2709F-02BE-4CF9-91CC-8942A9D50FE7}.Release|Any CPU.Build.0 = Release|Any CPU
		{CEE2709F-02BE-4CF9-91CC-8942A9D50FE7}.Release|arm64.ActiveCfg = Release|Any CPU
		{CEE2709F-02BE-4CF9-91CC-8942A9D50FE7}.Release|arm64.Build.0 = Release|Any CPU
		{CEE2709F-02BE-4CF9-91CC-8942A9D50FE7}.Release|x64.ActiveCfg = Release|Any CPU
		{CEE2709F-02BE-4CF9-91CC-8942A9D50FE7}.Release|x64.Build.0 = Release|Any CPU
		{CEE2709F-02BE-4CF9-91CC-8942A9D50FE7}.Release|x86.ActiveCfg = Release|Any CPU
		{CEE2709F-02BE-4CF9-91CC-8942A9D50FE7}.Release|x86.Build.0 = Release|Any CPU
		{0C23EC67-DC96-4412-BBA4-07A22008D58C}.Debug|Any CPU.ActiveCfg = Debug|Any CPU
		{0C23EC67-DC96-4412-BBA4-07A22008D58C}.Debug|Any CPU.Build.0 = Debug|Any CPU
		{0C23EC67-DC96-4412-BBA4-07A22008D58C}.Debug|arm64.ActiveCfg = Debug|Any CPU
		{0C23EC67-DC96-4412-BBA4-07A22008D58C}.Debug|arm64.Build.0 = Debug|Any CPU
		{0C23EC67-DC96-4412-BBA4-07A22008D58C}.Debug|x64.ActiveCfg = Debug|Any CPU
		{0C23EC67-DC96-4412-BBA4-07A22008D58C}.Debug|x64.Build.0 = Debug|Any CPU
		{0C23EC67-DC96-4412-BBA4-07A22008D58C}.Debug|x86.ActiveCfg = Debug|Any CPU
		{0C23EC67-DC96-4412-BBA4-07A22008D58C}.Debug|x86.Build.0 = Debug|Any CPU
		{0C23EC67-DC96-4412-BBA4-07A22008D58C}.Release|Any CPU.ActiveCfg = Release|Any CPU
		{0C23EC67-DC96-4412-BBA4-07A22008D58C}.Release|Any CPU.Build.0 = Release|Any CPU
		{0C23EC67-DC96-4412-BBA4-07A22008D58C}.Release|arm64.ActiveCfg = Release|Any CPU
		{0C23EC67-DC96-4412-BBA4-07A22008D58C}.Release|arm64.Build.0 = Release|Any CPU
		{0C23EC67-DC96-4412-BBA4-07A22008D58C}.Release|x64.ActiveCfg = Release|Any CPU
		{0C23EC67-DC96-4412-BBA4-07A22008D58C}.Release|x64.Build.0 = Release|Any CPU
		{0C23EC67-DC96-4412-BBA4-07A22008D58C}.Release|x86.ActiveCfg = Release|Any CPU
		{0C23EC67-DC96-4412-BBA4-07A22008D58C}.Release|x86.Build.0 = Release|Any CPU
		{3F5F08E7-1A20-4D92-95A4-98498238DCAD}.Debug|Any CPU.ActiveCfg = Debug|Any CPU
		{3F5F08E7-1A20-4D92-95A4-98498238DCAD}.Debug|Any CPU.Build.0 = Debug|Any CPU
		{3F5F08E7-1A20-4D92-95A4-98498238DCAD}.Debug|arm64.ActiveCfg = Debug|Any CPU
		{3F5F08E7-1A20-4D92-95A4-98498238DCAD}.Debug|arm64.Build.0 = Debug|Any CPU
		{3F5F08E7-1A20-4D92-95A4-98498238DCAD}.Debug|x64.ActiveCfg = Debug|Any CPU
		{3F5F08E7-1A20-4D92-95A4-98498238DCAD}.Debug|x64.Build.0 = Debug|Any CPU
		{3F5F08E7-1A20-4D92-95A4-98498238DCAD}.Debug|x86.ActiveCfg = Debug|Any CPU
		{3F5F08E7-1A20-4D92-95A4-98498238DCAD}.Debug|x86.Build.0 = Debug|Any CPU
		{3F5F08E7-1A20-4D92-95A4-98498238DCAD}.Release|Any CPU.ActiveCfg = Release|Any CPU
		{3F5F08E7-1A20-4D92-95A4-98498238DCAD}.Release|Any CPU.Build.0 = Release|Any CPU
		{3F5F08E7-1A20-4D92-95A4-98498238DCAD}.Release|arm64.ActiveCfg = Release|Any CPU
		{3F5F08E7-1A20-4D92-95A4-98498238DCAD}.Release|arm64.Build.0 = Release|Any CPU
		{3F5F08E7-1A20-4D92-95A4-98498238DCAD}.Release|x64.ActiveCfg = Release|Any CPU
		{3F5F08E7-1A20-4D92-95A4-98498238DCAD}.Release|x64.Build.0 = Release|Any CPU
		{3F5F08E7-1A20-4D92-95A4-98498238DCAD}.Release|x86.ActiveCfg = Release|Any CPU
		{3F5F08E7-1A20-4D92-95A4-98498238DCAD}.Release|x86.Build.0 = Release|Any CPU
		{60C9C1FD-2A47-4358-9D0F-FAF2787FF595}.Debug|Any CPU.ActiveCfg = Debug|Any CPU
		{60C9C1FD-2A47-4358-9D0F-FAF2787FF595}.Debug|Any CPU.Build.0 = Debug|Any CPU
		{60C9C1FD-2A47-4358-9D0F-FAF2787FF595}.Debug|arm64.ActiveCfg = Debug|Any CPU
		{60C9C1FD-2A47-4358-9D0F-FAF2787FF595}.Debug|arm64.Build.0 = Debug|Any CPU
		{60C9C1FD-2A47-4358-9D0F-FAF2787FF595}.Debug|x64.ActiveCfg = Debug|Any CPU
		{60C9C1FD-2A47-4358-9D0F-FAF2787FF595}.Debug|x64.Build.0 = Debug|Any CPU
		{60C9C1FD-2A47-4358-9D0F-FAF2787FF595}.Debug|x86.ActiveCfg = Debug|Any CPU
		{60C9C1FD-2A47-4358-9D0F-FAF2787FF595}.Debug|x86.Build.0 = Debug|Any CPU
		{60C9C1FD-2A47-4358-9D0F-FAF2787FF595}.Release|Any CPU.ActiveCfg = Release|Any CPU
		{60C9C1FD-2A47-4358-9D0F-FAF2787FF595}.Release|Any CPU.Build.0 = Release|Any CPU
		{60C9C1FD-2A47-4358-9D0F-FAF2787FF595}.Release|arm64.ActiveCfg = Release|Any CPU
		{60C9C1FD-2A47-4358-9D0F-FAF2787FF595}.Release|arm64.Build.0 = Release|Any CPU
		{60C9C1FD-2A47-4358-9D0F-FAF2787FF595}.Release|x64.ActiveCfg = Release|Any CPU
		{60C9C1FD-2A47-4358-9D0F-FAF2787FF595}.Release|x64.Build.0 = Release|Any CPU
		{60C9C1FD-2A47-4358-9D0F-FAF2787FF595}.Release|x86.ActiveCfg = Release|Any CPU
		{60C9C1FD-2A47-4358-9D0F-FAF2787FF595}.Release|x86.Build.0 = Release|Any CPU
		{B866BBC1-9FAB-41B0-ABE4-B7F6C409CA86}.Debug|Any CPU.ActiveCfg = Debug|Any CPU
		{B866BBC1-9FAB-41B0-ABE4-B7F6C409CA86}.Debug|Any CPU.Build.0 = Debug|Any CPU
		{B866BBC1-9FAB-41B0-ABE4-B7F6C409CA86}.Debug|arm64.ActiveCfg = Debug|Any CPU
		{B866BBC1-9FAB-41B0-ABE4-B7F6C409CA86}.Debug|arm64.Build.0 = Debug|Any CPU
		{B866BBC1-9FAB-41B0-ABE4-B7F6C409CA86}.Debug|x64.ActiveCfg = Debug|Any CPU
		{B866BBC1-9FAB-41B0-ABE4-B7F6C409CA86}.Debug|x64.Build.0 = Debug|Any CPU
		{B866BBC1-9FAB-41B0-ABE4-B7F6C409CA86}.Debug|x86.ActiveCfg = Debug|Any CPU
		{B866BBC1-9FAB-41B0-ABE4-B7F6C409CA86}.Debug|x86.Build.0 = Debug|Any CPU
		{B866BBC1-9FAB-41B0-ABE4-B7F6C409CA86}.Release|Any CPU.ActiveCfg = Release|Any CPU
		{B866BBC1-9FAB-41B0-ABE4-B7F6C409CA86}.Release|Any CPU.Build.0 = Release|Any CPU
		{B866BBC1-9FAB-41B0-ABE4-B7F6C409CA86}.Release|arm64.ActiveCfg = Release|Any CPU
		{B866BBC1-9FAB-41B0-ABE4-B7F6C409CA86}.Release|arm64.Build.0 = Release|Any CPU
		{B866BBC1-9FAB-41B0-ABE4-B7F6C409CA86}.Release|x64.ActiveCfg = Release|Any CPU
		{B866BBC1-9FAB-41B0-ABE4-B7F6C409CA86}.Release|x64.Build.0 = Release|Any CPU
		{B866BBC1-9FAB-41B0-ABE4-B7F6C409CA86}.Release|x86.ActiveCfg = Release|Any CPU
		{B866BBC1-9FAB-41B0-ABE4-B7F6C409CA86}.Release|x86.Build.0 = Release|Any CPU
	EndGlobalSection
	GlobalSection(SolutionProperties) = preSolution
		HideSolutionNode = FALSE
	EndGlobalSection
	GlobalSection(NestedProjects) = preSolution
		{8862C1E7-FEBF-43FC-A7EE-609EAB7C7CCB} = {82B0D8EA-3707-43BF-9F11-A8DB4DA9ADD0}
		{D66B42C1-56C8-41FA-9D34-FB144FD4AC42} = {82B0D8EA-3707-43BF-9F11-A8DB4DA9ADD0}
		{D7A86EDD-BFEE-4A00-992C-830AA0A6D20D} = {82B0D8EA-3707-43BF-9F11-A8DB4DA9ADD0}
		{0791A4A8-8174-423A-8A89-CD97103B877F} = {82B0D8EA-3707-43BF-9F11-A8DB4DA9ADD0}
		{272045BE-3BFB-47FE-BB46-92A3558D2183} = {82B0D8EA-3707-43BF-9F11-A8DB4DA9ADD0}
		{2BA27EA3-B0B6-46E5-91A2-E0235C487BCA} = {82B0D8EA-3707-43BF-9F11-A8DB4DA9ADD0}
		{DDC02381-8CF6-420F-9B7C-6144B80D5C6D} = {82B0D8EA-3707-43BF-9F11-A8DB4DA9ADD0}
		{F3CCD53B-8FF7-47B0-BFF2-131403048F0B} = {82B0D8EA-3707-43BF-9F11-A8DB4DA9ADD0}
		{20FF892B-278A-455B-ADEA-59CD400B3257} = {D995806F-1D35-43AF-B55E-C21AE0A2F9B1}
		{383C8074-F5A4-43A3-A473-57929AD86F37} = {D995806F-1D35-43AF-B55E-C21AE0A2F9B1}
		{ECFA26FA-E8F1-478B-A3D7-5DF81726A697} = {D995806F-1D35-43AF-B55E-C21AE0A2F9B1}
		{522C5FA9-50BE-46D0-AF91-267D46346DB4} = {D995806F-1D35-43AF-B55E-C21AE0A2F9B1}
		{A2F358F2-CF72-4E87-BA5C-CD7058CF35D2} = {D995806F-1D35-43AF-B55E-C21AE0A2F9B1}
		{2F787833-F62B-4AB7-A37D-0BFFDDA24216} = {D995806F-1D35-43AF-B55E-C21AE0A2F9B1}
		{961D8121-F879-4ABD-B322-37998D5A0DE9} = {D995806F-1D35-43AF-B55E-C21AE0A2F9B1}
		{D4FAD848-7ADE-4B7F-8565-17C555DC1173} = {D995806F-1D35-43AF-B55E-C21AE0A2F9B1}
		{D1AF2738-8C9A-4C7E-A3A5-5DDE42C1253C} = {3754B8CA-CA30-4DA0-80B8-CD80DBF005C2}
		{89725886-1346-44D8-94B0-DC9BCA86B561} = {3754B8CA-CA30-4DA0-80B8-CD80DBF005C2}
		{F929549B-8C94-4F2E-99E1-FCE369AED5CB} = {3754B8CA-CA30-4DA0-80B8-CD80DBF005C2}
		{B775C18A-0E9F-4EA5-8344-34D21ABAA063} = {3754B8CA-CA30-4DA0-80B8-CD80DBF005C2}
		{111B0AA5-D960-49BB-9E33-0F1D551C1B0D} = {3754B8CA-CA30-4DA0-80B8-CD80DBF005C2}
		{5FE67EC2-C6BA-4E14-9E53-AF3136A14DC5} = {3754B8CA-CA30-4DA0-80B8-CD80DBF005C2}
		{7974B142-9E17-45FB-97A6-3F6951A8DD9A} = {3754B8CA-CA30-4DA0-80B8-CD80DBF005C2}
		{641EDDD0-C3F7-4E5D-B5CB-992D92DD3F9C} = {75E0FDCE-20F5-4BCE-BADA-2D7C912B9223}
		{08352D6B-FC35-48CE-BFCE-2EE3786E51EB} = {75E0FDCE-20F5-4BCE-BADA-2D7C912B9223}
		{86E624A4-10A1-4C42-944E-091FB87631EE} = {75E0FDCE-20F5-4BCE-BADA-2D7C912B9223}
		{28999895-9FD8-4883-B709-E48FDF4977D6} = {75E0FDCE-20F5-4BCE-BADA-2D7C912B9223}
		{D70254A2-E695-4F48-B159-AAD34F9C4011} = {75E0FDCE-20F5-4BCE-BADA-2D7C912B9223}
		{4F49A0CB-93BB-428C-874D-A391AD8A9EA4} = {75E0FDCE-20F5-4BCE-BADA-2D7C912B9223}
		{BBEC92D5-86E0-4A66-8378-D42561C028C8} = {75E0FDCE-20F5-4BCE-BADA-2D7C912B9223}
		{68F86098-BDC1-453A-A207-A87CA6D10284} = {75E0FDCE-20F5-4BCE-BADA-2D7C912B9223}
		{4F0A647C-83AA-49CB-8E95-5B7D8A9D503C} = {75E0FDCE-20F5-4BCE-BADA-2D7C912B9223}
		{082026A1-957C-4B2D-A5D1-EA50D142AB9F} = {75E0FDCE-20F5-4BCE-BADA-2D7C912B9223}
		{6490A72D-ECCF-4D5A-A1C1-3366C8E3B234} = {75E0FDCE-20F5-4BCE-BADA-2D7C912B9223}
		{9753CAEE-88CB-4CA2-8ACD-9D5122FFBD91} = {75E0FDCE-20F5-4BCE-BADA-2D7C912B9223}
		{6B6AB72C-65F6-4E50-8050-E65DB8A72C4D} = {75E0FDCE-20F5-4BCE-BADA-2D7C912B9223}
		{64CA42BE-8170-4FC0-97CB-19CF63F370B0} = {75E0FDCE-20F5-4BCE-BADA-2D7C912B9223}
		{A68E1279-49B0-41EA-A1B7-B88433CD61BD} = {75E0FDCE-20F5-4BCE-BADA-2D7C912B9223}
		{FCC0BA72-563F-4C22-A0CA-5A6222AA6F53} = {A153F84A-1C43-45EA-9713-2CF72A3955A5}
		{5218CD8D-A092-4579-AC7D-1F6AD79CFC6A} = {A153F84A-1C43-45EA-9713-2CF72A3955A5}
		{375F6F78-5040-4A16-999D-25C698A88826} = {A153F84A-1C43-45EA-9713-2CF72A3955A5}
		{020AC927-3CB3-4259-9D73-8E1EE1C9B08F} = {A153F84A-1C43-45EA-9713-2CF72A3955A5}
		{60C269D2-9676-41F5-B8DC-26BD27AF3DB7} = {A153F84A-1C43-45EA-9713-2CF72A3955A5}
		{CEE2709F-02BE-4CF9-91CC-8942A9D50FE7} = {A153F84A-1C43-45EA-9713-2CF72A3955A5}
		{0C23EC67-DC96-4412-BBA4-07A22008D58C} = {A153F84A-1C43-45EA-9713-2CF72A3955A5}
		{3F5F08E7-1A20-4D92-95A4-98498238DCAD} = {A153F84A-1C43-45EA-9713-2CF72A3955A5}
		{60C9C1FD-2A47-4358-9D0F-FAF2787FF595} = {A153F84A-1C43-45EA-9713-2CF72A3955A5}
		{B866BBC1-9FAB-41B0-ABE4-B7F6C409CA86} = {A153F84A-1C43-45EA-9713-2CF72A3955A5}
	EndGlobalSection
	GlobalSection(ExtensibilityGlobals) = postSolution
		SolutionGuid = {629E8A53-EA6C-4874-9CC1-F727683AF4AF}
	EndGlobalSection
EndGlobal
